
Microsoft Visual Studio Solution File, Format Version 12.00
# Visual Studio 15
VisualStudioVersion = 15.0.26430.12
MinimumVisualStudioVersion = 10.0.40219.1
Project("{FAE04EC0-301F-11D3-BF4B-00C04F79EFBC}") = "SlowXTargetSolution", "SlowXTargetSolution\SlowXTargetSolution.csproj", "{59C69B0F-6028-4FA1-9111-70F560E24126}"
EndProject
Project("{9A19103F-16F7-4668-BE54-9A1E7A4F7556}") = "Project01", "Project01\Project01.csproj", "{7E1562B6-0FCB-442B-9ECF-424408C01D4D}"
EndProject
Project("{9A19103F-16F7-4668-BE54-9A1E7A4F7556}") = "Project02", "Project02\Project02.csproj", "{7EFE11ED-41C9-4396-A45C-DB54A4C46BA8}"
EndProject
Project("{9A19103F-16F7-4668-BE54-9A1E7A4F7556}") = "Project03", "Project03\Project03.csproj", "{BF5B6833-E5F5-471C-ADEC-CF668056EA47}"
EndProject
Project("{9A19103F-16F7-4668-BE54-9A1E7A4F7556}") = "Project04", "Project04\Project04.csproj", "{6F47C1E9-DABE-47A9-A20D-EAB7F256BB8B}"
EndProject
Project("{9A19103F-16F7-4668-BE54-9A1E7A4F7556}") = "Project05", "Project05\Project05.csproj", "{A39E9DF9-2DFE-4CB8-BA0C-096C8EFD67D8}"
EndProject
Project("{9A19103F-16F7-4668-BE54-9A1E7A4F7556}") = "Project06", "Project06\Project06.csproj", "{D45CA832-AE3C-4E8C-850E-678E0B0D9816}"
EndProject
Project("{9A19103F-16F7-4668-BE54-9A1E7A4F7556}") = "Project07", "Project07\Project07.csproj", "{51CD7EC4-02C9-4FBF-863D-A55910158671}"
EndProject
Project("{9A19103F-16F7-4668-BE54-9A1E7A4F7556}") = "Project08", "Project08\Project08.csproj", "{712A3C65-EF42-4BBA-8CD7-F995FA93942C}"
EndProject
Project("{9A19103F-16F7-4668-BE54-9A1E7A4F7556}") = "Project09", "Project09\Project09.csproj", "{8670D7E6-AEF4-44AF-85E2-66EF80542005}"
EndProject
Project("{9A19103F-16F7-4668-BE54-9A1E7A4F7556}") = "Project11", "Project11\Project11.csproj", "{5BCBB055-7896-470E-AF43-0F8E79A77515}"
EndProject
Project("{9A19103F-16F7-4668-BE54-9A1E7A4F7556}") = "Project12", "Project12\Project12.csproj", "{B2F6B8E2-CBD0-4905-B7AC-ABA21C1EA43F}"
EndProject
Project("{9A19103F-16F7-4668-BE54-9A1E7A4F7556}") = "Project10", "Project10\Project10.csproj", "{0ACCC876-3190-4446-9EC0-56B345336E27}"
EndProject
Project("{9A19103F-16F7-4668-BE54-9A1E7A4F7556}") = "VeryLargeProject", "VeryLargeProject\VeryLargeProject.csproj", "{7031F021-BDB8-4747-A4AC-351965E095BE}"
EndProject
Project("{2150E333-8FDC-42A3-9474-1A3956D46DE8}") = "Content", "Content", "{4F6223A4-3D0D-4520-B95B-07E4CD31D807}"
EndProject
Project("{FAE04EC0-301F-11D3-BF4B-00C04F79EFBC}") = "AndroidApp", "AndroidApp\AndroidApp.csproj", "{266F8EB0-08AC-4940-815B-8F20EBF923BB}"
EndProject
Project("{2150E333-8FDC-42A3-9474-1A3956D46DE8}") = "Apps", "Apps", "{9134485B-C5E2-4FA3-BC05-F6974614AE14}"
EndProject
Project("{FAE04EC0-301F-11D3-BF4B-00C04F79EFBC}") = "iOSApp", "iOSApp\iOSApp.csproj", "{EA9CF3D2-41AF-4A0B-8EC8-4A84B4F3889A}"
EndProject
Project("{FAE04EC0-301F-11D3-BF4B-00C04F79EFBC}") = "UnitTests", "UnitTests\UnitTests.csproj", "{10CAFACA-A3EE-4F01-BB0F-DCACA11B03B4}"
EndProject
Project("{FAE04EC0-301F-11D3-BF4B-00C04F79EFBC}") = "UWPApp", "UWPApp\UWPApp.csproj", "{D03A827E-58D8-40CA-83F2-F75BBFF7C48B}"
EndProject
Project("{FAE04EC0-301F-11D3-BF4B-00C04F79EFBC}") = "UnitTestProjectUWP", "UnitTestProjectUWP\UnitTestProjectUWP.csproj", "{E0F2BEC5-0EF2-48D8-9D2D-BCD1B6FD38A3}"
EndProject
Global
	GlobalSection(SolutionConfigurationPlatforms) = preSolution
		Ad-Hoc|Any CPU = Ad-Hoc|Any CPU
		Ad-Hoc|ARM = Ad-Hoc|ARM
		Ad-Hoc|iPhone = Ad-Hoc|iPhone
		Ad-Hoc|iPhoneSimulator = Ad-Hoc|iPhoneSimulator
		Ad-Hoc|x64 = Ad-Hoc|x64
		Ad-Hoc|x86 = Ad-Hoc|x86
		AppStore|Any CPU = AppStore|Any CPU
		AppStore|ARM = AppStore|ARM
		AppStore|iPhone = AppStore|iPhone
		AppStore|iPhoneSimulator = AppStore|iPhoneSimulator
		AppStore|x64 = AppStore|x64
		AppStore|x86 = AppStore|x86
		Debug|Any CPU = Debug|Any CPU
		Debug|ARM = Debug|ARM
		Debug|iPhone = Debug|iPhone
		Debug|iPhoneSimulator = Debug|iPhoneSimulator
		Debug|x64 = Debug|x64
		Debug|x86 = Debug|x86
		Release|Any CPU = Release|Any CPU
		Release|ARM = Release|ARM
		Release|iPhone = Release|iPhone
		Release|iPhoneSimulator = Release|iPhoneSimulator
		Release|x64 = Release|x64
		Release|x86 = Release|x86
	EndGlobalSection
	GlobalSection(ProjectConfigurationPlatforms) = postSolution
		{59C69B0F-6028-4FA1-9111-70F560E24126}.Ad-Hoc|Any CPU.ActiveCfg = Release|Any CPU
		{59C69B0F-6028-4FA1-9111-70F560E24126}.Ad-Hoc|Any CPU.Build.0 = Release|Any CPU
		{59C69B0F-6028-4FA1-9111-70F560E24126}.Ad-Hoc|ARM.ActiveCfg = Debug|Any CPU
		{59C69B0F-6028-4FA1-9111-70F560E24126}.Ad-Hoc|ARM.Build.0 = Debug|Any CPU
		{59C69B0F-6028-4FA1-9111-70F560E24126}.Ad-Hoc|iPhone.ActiveCfg = Release|Any CPU
		{59C69B0F-6028-4FA1-9111-70F560E24126}.Ad-Hoc|iPhone.Build.0 = Release|Any CPU
		{59C69B0F-6028-4FA1-9111-70F560E24126}.Ad-Hoc|iPhoneSimulator.ActiveCfg = Release|Any CPU
		{59C69B0F-6028-4FA1-9111-70F560E24126}.Ad-Hoc|iPhoneSimulator.Build.0 = Release|Any CPU
		{59C69B0F-6028-4FA1-9111-70F560E24126}.Ad-Hoc|x64.ActiveCfg = Debug|Any CPU
		{59C69B0F-6028-4FA1-9111-70F560E24126}.Ad-Hoc|x64.Build.0 = Debug|Any CPU
		{59C69B0F-6028-4FA1-9111-70F560E24126}.Ad-Hoc|x86.ActiveCfg = Debug|Any CPU
		{59C69B0F-6028-4FA1-9111-70F560E24126}.Ad-Hoc|x86.Build.0 = Debug|Any CPU
		{59C69B0F-6028-4FA1-9111-70F560E24126}.AppStore|Any CPU.ActiveCfg = Release|Any CPU
		{59C69B0F-6028-4FA1-9111-70F560E24126}.AppStore|Any CPU.Build.0 = Release|Any CPU
		{59C69B0F-6028-4FA1-9111-70F560E24126}.AppStore|ARM.ActiveCfg = Debug|Any CPU
		{59C69B0F-6028-4FA1-9111-70F560E24126}.AppStore|ARM.Build.0 = Debug|Any CPU
		{59C69B0F-6028-4FA1-9111-70F560E24126}.AppStore|iPhone.ActiveCfg = Release|Any CPU
		{59C69B0F-6028-4FA1-9111-70F560E24126}.AppStore|iPhone.Build.0 = Release|Any CPU
		{59C69B0F-6028-4FA1-9111-70F560E24126}.AppStore|iPhoneSimulator.ActiveCfg = Release|Any CPU
		{59C69B0F-6028-4FA1-9111-70F560E24126}.AppStore|iPhoneSimulator.Build.0 = Release|Any CPU
		{59C69B0F-6028-4FA1-9111-70F560E24126}.AppStore|x64.ActiveCfg = Debug|Any CPU
		{59C69B0F-6028-4FA1-9111-70F560E24126}.AppStore|x64.Build.0 = Debug|Any CPU
		{59C69B0F-6028-4FA1-9111-70F560E24126}.AppStore|x86.ActiveCfg = Debug|Any CPU
		{59C69B0F-6028-4FA1-9111-70F560E24126}.AppStore|x86.Build.0 = Debug|Any CPU
		{59C69B0F-6028-4FA1-9111-70F560E24126}.Debug|Any CPU.ActiveCfg = Debug|Any CPU
		{59C69B0F-6028-4FA1-9111-70F560E24126}.Debug|Any CPU.Build.0 = Debug|Any CPU
		{59C69B0F-6028-4FA1-9111-70F560E24126}.Debug|ARM.ActiveCfg = Debug|Any CPU
		{59C69B0F-6028-4FA1-9111-70F560E24126}.Debug|ARM.Build.0 = Debug|Any CPU
		{59C69B0F-6028-4FA1-9111-70F560E24126}.Debug|iPhone.ActiveCfg = Debug|Any CPU
		{59C69B0F-6028-4FA1-9111-70F560E24126}.Debug|iPhone.Build.0 = Debug|Any CPU
		{59C69B0F-6028-4FA1-9111-70F560E24126}.Debug|iPhoneSimulator.ActiveCfg = Debug|Any CPU
		{59C69B0F-6028-4FA1-9111-70F560E24126}.Debug|iPhoneSimulator.Build.0 = Debug|Any CPU
		{59C69B0F-6028-4FA1-9111-70F560E24126}.Debug|x64.ActiveCfg = Debug|Any CPU
		{59C69B0F-6028-4FA1-9111-70F560E24126}.Debug|x64.Build.0 = Debug|Any CPU
		{59C69B0F-6028-4FA1-9111-70F560E24126}.Debug|x86.ActiveCfg = Debug|Any CPU
		{59C69B0F-6028-4FA1-9111-70F560E24126}.Debug|x86.Build.0 = Debug|Any CPU
		{59C69B0F-6028-4FA1-9111-70F560E24126}.Release|Any CPU.ActiveCfg = Release|Any CPU
		{59C69B0F-6028-4FA1-9111-70F560E24126}.Release|Any CPU.Build.0 = Release|Any CPU
		{59C69B0F-6028-4FA1-9111-70F560E24126}.Release|ARM.ActiveCfg = Release|Any CPU
		{59C69B0F-6028-4FA1-9111-70F560E24126}.Release|ARM.Build.0 = Release|Any CPU
		{59C69B0F-6028-4FA1-9111-70F560E24126}.Release|iPhone.ActiveCfg = Release|Any CPU
		{59C69B0F-6028-4FA1-9111-70F560E24126}.Release|iPhone.Build.0 = Release|Any CPU
		{59C69B0F-6028-4FA1-9111-70F560E24126}.Release|iPhoneSimulator.ActiveCfg = Release|Any CPU
		{59C69B0F-6028-4FA1-9111-70F560E24126}.Release|iPhoneSimulator.Build.0 = Release|Any CPU
		{59C69B0F-6028-4FA1-9111-70F560E24126}.Release|x64.ActiveCfg = Release|Any CPU
		{59C69B0F-6028-4FA1-9111-70F560E24126}.Release|x64.Build.0 = Release|Any CPU
		{59C69B0F-6028-4FA1-9111-70F560E24126}.Release|x86.ActiveCfg = Release|Any CPU
		{59C69B0F-6028-4FA1-9111-70F560E24126}.Release|x86.Build.0 = Release|Any CPU
		{7E1562B6-0FCB-442B-9ECF-424408C01D4D}.Ad-Hoc|Any CPU.ActiveCfg = Release|Any CPU
		{7E1562B6-0FCB-442B-9ECF-424408C01D4D}.Ad-Hoc|Any CPU.Build.0 = Release|Any CPU
		{7E1562B6-0FCB-442B-9ECF-424408C01D4D}.Ad-Hoc|ARM.ActiveCfg = Debug|Any CPU
		{7E1562B6-0FCB-442B-9ECF-424408C01D4D}.Ad-Hoc|ARM.Build.0 = Debug|Any CPU
		{7E1562B6-0FCB-442B-9ECF-424408C01D4D}.Ad-Hoc|iPhone.ActiveCfg = Release|Any CPU
		{7E1562B6-0FCB-442B-9ECF-424408C01D4D}.Ad-Hoc|iPhone.Build.0 = Release|Any CPU
		{7E1562B6-0FCB-442B-9ECF-424408C01D4D}.Ad-Hoc|iPhoneSimulator.ActiveCfg = Release|Any CPU
		{7E1562B6-0FCB-442B-9ECF-424408C01D4D}.Ad-Hoc|iPhoneSimulator.Build.0 = Release|Any CPU
		{7E1562B6-0FCB-442B-9ECF-424408C01D4D}.Ad-Hoc|x64.ActiveCfg = Debug|Any CPU
		{7E1562B6-0FCB-442B-9ECF-424408C01D4D}.Ad-Hoc|x64.Build.0 = Debug|Any CPU
		{7E1562B6-0FCB-442B-9ECF-424408C01D4D}.Ad-Hoc|x86.ActiveCfg = Debug|Any CPU
		{7E1562B6-0FCB-442B-9ECF-424408C01D4D}.Ad-Hoc|x86.Build.0 = Debug|Any CPU
		{7E1562B6-0FCB-442B-9ECF-424408C01D4D}.AppStore|Any CPU.ActiveCfg = Release|Any CPU
		{7E1562B6-0FCB-442B-9ECF-424408C01D4D}.AppStore|Any CPU.Build.0 = Release|Any CPU
		{7E1562B6-0FCB-442B-9ECF-424408C01D4D}.AppStore|ARM.ActiveCfg = Debug|Any CPU
		{7E1562B6-0FCB-442B-9ECF-424408C01D4D}.AppStore|ARM.Build.0 = Debug|Any CPU
		{7E1562B6-0FCB-442B-9ECF-424408C01D4D}.AppStore|iPhone.ActiveCfg = Release|Any CPU
		{7E1562B6-0FCB-442B-9ECF-424408C01D4D}.AppStore|iPhone.Build.0 = Release|Any CPU
		{7E1562B6-0FCB-442B-9ECF-424408C01D4D}.AppStore|iPhoneSimulator.ActiveCfg = Release|Any CPU
		{7E1562B6-0FCB-442B-9ECF-424408C01D4D}.AppStore|iPhoneSimulator.Build.0 = Release|Any CPU
		{7E1562B6-0FCB-442B-9ECF-424408C01D4D}.AppStore|x64.ActiveCfg = Debug|Any CPU
		{7E1562B6-0FCB-442B-9ECF-424408C01D4D}.AppStore|x64.Build.0 = Debug|Any CPU
		{7E1562B6-0FCB-442B-9ECF-424408C01D4D}.AppStore|x86.ActiveCfg = Debug|Any CPU
		{7E1562B6-0FCB-442B-9ECF-424408C01D4D}.AppStore|x86.Build.0 = Debug|Any CPU
		{7E1562B6-0FCB-442B-9ECF-424408C01D4D}.Debug|Any CPU.ActiveCfg = Debug|Any CPU
		{7E1562B6-0FCB-442B-9ECF-424408C01D4D}.Debug|Any CPU.Build.0 = Debug|Any CPU
		{7E1562B6-0FCB-442B-9ECF-424408C01D4D}.Debug|ARM.ActiveCfg = Debug|Any CPU
		{7E1562B6-0FCB-442B-9ECF-424408C01D4D}.Debug|ARM.Build.0 = Debug|Any CPU
		{7E1562B6-0FCB-442B-9ECF-424408C01D4D}.Debug|iPhone.ActiveCfg = Debug|Any CPU
		{7E1562B6-0FCB-442B-9ECF-424408C01D4D}.Debug|iPhone.Build.0 = Debug|Any CPU
		{7E1562B6-0FCB-442B-9ECF-424408C01D4D}.Debug|iPhoneSimulator.ActiveCfg = Debug|Any CPU
		{7E1562B6-0FCB-442B-9ECF-424408C01D4D}.Debug|iPhoneSimulator.Build.0 = Debug|Any CPU
		{7E1562B6-0FCB-442B-9ECF-424408C01D4D}.Debug|x64.ActiveCfg = Debug|Any CPU
		{7E1562B6-0FCB-442B-9ECF-424408C01D4D}.Debug|x64.Build.0 = Debug|Any CPU
		{7E1562B6-0FCB-442B-9ECF-424408C01D4D}.Debug|x86.ActiveCfg = Debug|Any CPU
		{7E1562B6-0FCB-442B-9ECF-424408C01D4D}.Debug|x86.Build.0 = Debug|Any CPU
		{7E1562B6-0FCB-442B-9ECF-424408C01D4D}.Release|Any CPU.ActiveCfg = Release|Any CPU
		{7E1562B6-0FCB-442B-9ECF-424408C01D4D}.Release|Any CPU.Build.0 = Release|Any CPU
		{7E1562B6-0FCB-442B-9ECF-424408C01D4D}.Release|ARM.ActiveCfg = Release|Any CPU
		{7E1562B6-0FCB-442B-9ECF-424408C01D4D}.Release|ARM.Build.0 = Release|Any CPU
		{7E1562B6-0FCB-442B-9ECF-424408C01D4D}.Release|iPhone.ActiveCfg = Release|Any CPU
		{7E1562B6-0FCB-442B-9ECF-424408C01D4D}.Release|iPhone.Build.0 = Release|Any CPU
		{7E1562B6-0FCB-442B-9ECF-424408C01D4D}.Release|iPhoneSimulator.ActiveCfg = Release|Any CPU
		{7E1562B6-0FCB-442B-9ECF-424408C01D4D}.Release|iPhoneSimulator.Build.0 = Release|Any CPU
		{7E1562B6-0FCB-442B-9ECF-424408C01D4D}.Release|x64.ActiveCfg = Release|Any CPU
		{7E1562B6-0FCB-442B-9ECF-424408C01D4D}.Release|x64.Build.0 = Release|Any CPU
		{7E1562B6-0FCB-442B-9ECF-424408C01D4D}.Release|x86.ActiveCfg = Release|Any CPU
		{7E1562B6-0FCB-442B-9ECF-424408C01D4D}.Release|x86.Build.0 = Release|Any CPU
		{7EFE11ED-41C9-4396-A45C-DB54A4C46BA8}.Ad-Hoc|Any CPU.ActiveCfg = Release|Any CPU
		{7EFE11ED-41C9-4396-A45C-DB54A4C46BA8}.Ad-Hoc|Any CPU.Build.0 = Release|Any CPU
		{7EFE11ED-41C9-4396-A45C-DB54A4C46BA8}.Ad-Hoc|ARM.ActiveCfg = Debug|Any CPU
		{7EFE11ED-41C9-4396-A45C-DB54A4C46BA8}.Ad-Hoc|ARM.Build.0 = Debug|Any CPU
		{7EFE11ED-41C9-4396-A45C-DB54A4C46BA8}.Ad-Hoc|iPhone.ActiveCfg = Release|Any CPU
		{7EFE11ED-41C9-4396-A45C-DB54A4C46BA8}.Ad-Hoc|iPhone.Build.0 = Release|Any CPU
		{7EFE11ED-41C9-4396-A45C-DB54A4C46BA8}.Ad-Hoc|iPhoneSimulator.ActiveCfg = Release|Any CPU
		{7EFE11ED-41C9-4396-A45C-DB54A4C46BA8}.Ad-Hoc|iPhoneSimulator.Build.0 = Release|Any CPU
		{7EFE11ED-41C9-4396-A45C-DB54A4C46BA8}.Ad-Hoc|x64.ActiveCfg = Debug|Any CPU
		{7EFE11ED-41C9-4396-A45C-DB54A4C46BA8}.Ad-Hoc|x64.Build.0 = Debug|Any CPU
		{7EFE11ED-41C9-4396-A45C-DB54A4C46BA8}.Ad-Hoc|x86.ActiveCfg = Debug|Any CPU
		{7EFE11ED-41C9-4396-A45C-DB54A4C46BA8}.Ad-Hoc|x86.Build.0 = Debug|Any CPU
		{7EFE11ED-41C9-4396-A45C-DB54A4C46BA8}.AppStore|Any CPU.ActiveCfg = Release|Any CPU
		{7EFE11ED-41C9-4396-A45C-DB54A4C46BA8}.AppStore|Any CPU.Build.0 = Release|Any CPU
		{7EFE11ED-41C9-4396-A45C-DB54A4C46BA8}.AppStore|ARM.ActiveCfg = Debug|Any CPU
		{7EFE11ED-41C9-4396-A45C-DB54A4C46BA8}.AppStore|ARM.Build.0 = Debug|Any CPU
		{7EFE11ED-41C9-4396-A45C-DB54A4C46BA8}.AppStore|iPhone.ActiveCfg = Release|Any CPU
		{7EFE11ED-41C9-4396-A45C-DB54A4C46BA8}.AppStore|iPhone.Build.0 = Release|Any CPU
		{7EFE11ED-41C9-4396-A45C-DB54A4C46BA8}.AppStore|iPhoneSimulator.ActiveCfg = Release|Any CPU
		{7EFE11ED-41C9-4396-A45C-DB54A4C46BA8}.AppStore|iPhoneSimulator.Build.0 = Release|Any CPU
		{7EFE11ED-41C9-4396-A45C-DB54A4C46BA8}.AppStore|x64.ActiveCfg = Debug|Any CPU
		{7EFE11ED-41C9-4396-A45C-DB54A4C46BA8}.AppStore|x64.Build.0 = Debug|Any CPU
		{7EFE11ED-41C9-4396-A45C-DB54A4C46BA8}.AppStore|x86.ActiveCfg = Debug|Any CPU
		{7EFE11ED-41C9-4396-A45C-DB54A4C46BA8}.AppStore|x86.Build.0 = Debug|Any CPU
		{7EFE11ED-41C9-4396-A45C-DB54A4C46BA8}.Debug|Any CPU.ActiveCfg = Debug|Any CPU
		{7EFE11ED-41C9-4396-A45C-DB54A4C46BA8}.Debug|Any CPU.Build.0 = Debug|Any CPU
		{7EFE11ED-41C9-4396-A45C-DB54A4C46BA8}.Debug|ARM.ActiveCfg = Debug|Any CPU
		{7EFE11ED-41C9-4396-A45C-DB54A4C46BA8}.Debug|ARM.Build.0 = Debug|Any CPU
		{7EFE11ED-41C9-4396-A45C-DB54A4C46BA8}.Debug|iPhone.ActiveCfg = Debug|Any CPU
		{7EFE11ED-41C9-4396-A45C-DB54A4C46BA8}.Debug|iPhone.Build.0 = Debug|Any CPU
		{7EFE11ED-41C9-4396-A45C-DB54A4C46BA8}.Debug|iPhoneSimulator.ActiveCfg = Debug|Any CPU
		{7EFE11ED-41C9-4396-A45C-DB54A4C46BA8}.Debug|iPhoneSimulator.Build.0 = Debug|Any CPU
		{7EFE11ED-41C9-4396-A45C-DB54A4C46BA8}.Debug|x64.ActiveCfg = Debug|Any CPU
		{7EFE11ED-41C9-4396-A45C-DB54A4C46BA8}.Debug|x64.Build.0 = Debug|Any CPU
		{7EFE11ED-41C9-4396-A45C-DB54A4C46BA8}.Debug|x86.ActiveCfg = Debug|Any CPU
		{7EFE11ED-41C9-4396-A45C-DB54A4C46BA8}.Debug|x86.Build.0 = Debug|Any CPU
		{7EFE11ED-41C9-4396-A45C-DB54A4C46BA8}.Release|Any CPU.ActiveCfg = Release|Any CPU
		{7EFE11ED-41C9-4396-A45C-DB54A4C46BA8}.Release|Any CPU.Build.0 = Release|Any CPU
		{7EFE11ED-41C9-4396-A45C-DB54A4C46BA8}.Release|ARM.ActiveCfg = Release|Any CPU
		{7EFE11ED-41C9-4396-A45C-DB54A4C46BA8}.Release|ARM.Build.0 = Release|Any CPU
		{7EFE11ED-41C9-4396-A45C-DB54A4C46BA8}.Release|iPhone.ActiveCfg = Release|Any CPU
		{7EFE11ED-41C9-4396-A45C-DB54A4C46BA8}.Release|iPhone.Build.0 = Release|Any CPU
		{7EFE11ED-41C9-4396-A45C-DB54A4C46BA8}.Release|iPhoneSimulator.ActiveCfg = Release|Any CPU
		{7EFE11ED-41C9-4396-A45C-DB54A4C46BA8}.Release|iPhoneSimulator.Build.0 = Release|Any CPU
		{7EFE11ED-41C9-4396-A45C-DB54A4C46BA8}.Release|x64.ActiveCfg = Release|Any CPU
		{7EFE11ED-41C9-4396-A45C-DB54A4C46BA8}.Release|x64.Build.0 = Release|Any CPU
		{7EFE11ED-41C9-4396-A45C-DB54A4C46BA8}.Release|x86.ActiveCfg = Release|Any CPU
		{7EFE11ED-41C9-4396-A45C-DB54A4C46BA8}.Release|x86.Build.0 = Release|Any CPU
		{BF5B6833-E5F5-471C-ADEC-CF668056EA47}.Ad-Hoc|Any CPU.ActiveCfg = Release|Any CPU
		{BF5B6833-E5F5-471C-ADEC-CF668056EA47}.Ad-Hoc|Any CPU.Build.0 = Release|Any CPU
		{BF5B6833-E5F5-471C-ADEC-CF668056EA47}.Ad-Hoc|ARM.ActiveCfg = Debug|Any CPU
		{BF5B6833-E5F5-471C-ADEC-CF668056EA47}.Ad-Hoc|ARM.Build.0 = Debug|Any CPU
		{BF5B6833-E5F5-471C-ADEC-CF668056EA47}.Ad-Hoc|iPhone.ActiveCfg = Release|Any CPU
		{BF5B6833-E5F5-471C-ADEC-CF668056EA47}.Ad-Hoc|iPhone.Build.0 = Release|Any CPU
		{BF5B6833-E5F5-471C-ADEC-CF668056EA47}.Ad-Hoc|iPhoneSimulator.ActiveCfg = Release|Any CPU
		{BF5B6833-E5F5-471C-ADEC-CF668056EA47}.Ad-Hoc|iPhoneSimulator.Build.0 = Release|Any CPU
		{BF5B6833-E5F5-471C-ADEC-CF668056EA47}.Ad-Hoc|x64.ActiveCfg = Debug|Any CPU
		{BF5B6833-E5F5-471C-ADEC-CF668056EA47}.Ad-Hoc|x64.Build.0 = Debug|Any CPU
		{BF5B6833-E5F5-471C-ADEC-CF668056EA47}.Ad-Hoc|x86.ActiveCfg = Debug|Any CPU
		{BF5B6833-E5F5-471C-ADEC-CF668056EA47}.Ad-Hoc|x86.Build.0 = Debug|Any CPU
		{BF5B6833-E5F5-471C-ADEC-CF668056EA47}.AppStore|Any CPU.ActiveCfg = Release|Any CPU
		{BF5B6833-E5F5-471C-ADEC-CF668056EA47}.AppStore|Any CPU.Build.0 = Release|Any CPU
		{BF5B6833-E5F5-471C-ADEC-CF668056EA47}.AppStore|ARM.ActiveCfg = Debug|Any CPU
		{BF5B6833-E5F5-471C-ADEC-CF668056EA47}.AppStore|ARM.Build.0 = Debug|Any CPU
		{BF5B6833-E5F5-471C-ADEC-CF668056EA47}.AppStore|iPhone.ActiveCfg = Release|Any CPU
		{BF5B6833-E5F5-471C-ADEC-CF668056EA47}.AppStore|iPhone.Build.0 = Release|Any CPU
		{BF5B6833-E5F5-471C-ADEC-CF668056EA47}.AppStore|iPhoneSimulator.ActiveCfg = Release|Any CPU
		{BF5B6833-E5F5-471C-ADEC-CF668056EA47}.AppStore|iPhoneSimulator.Build.0 = Release|Any CPU
		{BF5B6833-E5F5-471C-ADEC-CF668056EA47}.AppStore|x64.ActiveCfg = Debug|Any CPU
		{BF5B6833-E5F5-471C-ADEC-CF668056EA47}.AppStore|x64.Build.0 = Debug|Any CPU
		{BF5B6833-E5F5-471C-ADEC-CF668056EA47}.AppStore|x86.ActiveCfg = Debug|Any CPU
		{BF5B6833-E5F5-471C-ADEC-CF668056EA47}.AppStore|x86.Build.0 = Debug|Any CPU
		{BF5B6833-E5F5-471C-ADEC-CF668056EA47}.Debug|Any CPU.ActiveCfg = Debug|Any CPU
		{BF5B6833-E5F5-471C-ADEC-CF668056EA47}.Debug|Any CPU.Build.0 = Debug|Any CPU
		{BF5B6833-E5F5-471C-ADEC-CF668056EA47}.Debug|ARM.ActiveCfg = Debug|Any CPU
		{BF5B6833-E5F5-471C-ADEC-CF668056EA47}.Debug|ARM.Build.0 = Debug|Any CPU
		{BF5B6833-E5F5-471C-ADEC-CF668056EA47}.Debug|iPhone.ActiveCfg = Debug|Any CPU
		{BF5B6833-E5F5-471C-ADEC-CF668056EA47}.Debug|iPhone.Build.0 = Debug|Any CPU
		{BF5B6833-E5F5-471C-ADEC-CF668056EA47}.Debug|iPhoneSimulator.ActiveCfg = Debug|Any CPU
		{BF5B6833-E5F5-471C-ADEC-CF668056EA47}.Debug|iPhoneSimulator.Build.0 = Debug|Any CPU
		{BF5B6833-E5F5-471C-ADEC-CF668056EA47}.Debug|x64.ActiveCfg = Debug|Any CPU
		{BF5B6833-E5F5-471C-ADEC-CF668056EA47}.Debug|x64.Build.0 = Debug|Any CPU
		{BF5B6833-E5F5-471C-ADEC-CF668056EA47}.Debug|x86.ActiveCfg = Debug|Any CPU
		{BF5B6833-E5F5-471C-ADEC-CF668056EA47}.Debug|x86.Build.0 = Debug|Any CPU
		{BF5B6833-E5F5-471C-ADEC-CF668056EA47}.Release|Any CPU.ActiveCfg = Release|Any CPU
		{BF5B6833-E5F5-471C-ADEC-CF668056EA47}.Release|Any CPU.Build.0 = Release|Any CPU
		{BF5B6833-E5F5-471C-ADEC-CF668056EA47}.Release|ARM.ActiveCfg = Release|Any CPU
		{BF5B6833-E5F5-471C-ADEC-CF668056EA47}.Release|ARM.Build.0 = Release|Any CPU
		{BF5B6833-E5F5-471C-ADEC-CF668056EA47}.Release|iPhone.ActiveCfg = Release|Any CPU
		{BF5B6833-E5F5-471C-ADEC-CF668056EA47}.Release|iPhone.Build.0 = Release|Any CPU
		{BF5B6833-E5F5-471C-ADEC-CF668056EA47}.Release|iPhoneSimulator.ActiveCfg = Release|Any CPU
		{BF5B6833-E5F5-471C-ADEC-CF668056EA47}.Release|iPhoneSimulator.Build.0 = Release|Any CPU
		{BF5B6833-E5F5-471C-ADEC-CF668056EA47}.Release|x64.ActiveCfg = Release|Any CPU
		{BF5B6833-E5F5-471C-ADEC-CF668056EA47}.Release|x64.Build.0 = Release|Any CPU
		{BF5B6833-E5F5-471C-ADEC-CF668056EA47}.Release|x86.ActiveCfg = Release|Any CPU
		{BF5B6833-E5F5-471C-ADEC-CF668056EA47}.Release|x86.Build.0 = Release|Any CPU
		{6F47C1E9-DABE-47A9-A20D-EAB7F256BB8B}.Ad-Hoc|Any CPU.ActiveCfg = Release|Any CPU
		{6F47C1E9-DABE-47A9-A20D-EAB7F256BB8B}.Ad-Hoc|Any CPU.Build.0 = Release|Any CPU
		{6F47C1E9-DABE-47A9-A20D-EAB7F256BB8B}.Ad-Hoc|ARM.ActiveCfg = Debug|Any CPU
		{6F47C1E9-DABE-47A9-A20D-EAB7F256BB8B}.Ad-Hoc|ARM.Build.0 = Debug|Any CPU
		{6F47C1E9-DABE-47A9-A20D-EAB7F256BB8B}.Ad-Hoc|iPhone.ActiveCfg = Release|Any CPU
		{6F47C1E9-DABE-47A9-A20D-EAB7F256BB8B}.Ad-Hoc|iPhone.Build.0 = Release|Any CPU
		{6F47C1E9-DABE-47A9-A20D-EAB7F256BB8B}.Ad-Hoc|iPhoneSimulator.ActiveCfg = Release|Any CPU
		{6F47C1E9-DABE-47A9-A20D-EAB7F256BB8B}.Ad-Hoc|iPhoneSimulator.Build.0 = Release|Any CPU
		{6F47C1E9-DABE-47A9-A20D-EAB7F256BB8B}.Ad-Hoc|x64.ActiveCfg = Debug|Any CPU
		{6F47C1E9-DABE-47A9-A20D-EAB7F256BB8B}.Ad-Hoc|x64.Build.0 = Debug|Any CPU
		{6F47C1E9-DABE-47A9-A20D-EAB7F256BB8B}.Ad-Hoc|x86.ActiveCfg = Debug|Any CPU
		{6F47C1E9-DABE-47A9-A20D-EAB7F256BB8B}.Ad-Hoc|x86.Build.0 = Debug|Any CPU
		{6F47C1E9-DABE-47A9-A20D-EAB7F256BB8B}.AppStore|Any CPU.ActiveCfg = Release|Any CPU
		{6F47C1E9-DABE-47A9-A20D-EAB7F256BB8B}.AppStore|Any CPU.Build.0 = Release|Any CPU
		{6F47C1E9-DABE-47A9-A20D-EAB7F256BB8B}.AppStore|ARM.ActiveCfg = Debug|Any CPU
		{6F47C1E9-DABE-47A9-A20D-EAB7F256BB8B}.AppStore|ARM.Build.0 = Debug|Any CPU
		{6F47C1E9-DABE-47A9-A20D-EAB7F256BB8B}.AppStore|iPhone.ActiveCfg = Release|Any CPU
		{6F47C1E9-DABE-47A9-A20D-EAB7F256BB8B}.AppStore|iPhone.Build.0 = Release|Any CPU
		{6F47C1E9-DABE-47A9-A20D-EAB7F256BB8B}.AppStore|iPhoneSimulator.ActiveCfg = Release|Any CPU
		{6F47C1E9-DABE-47A9-A20D-EAB7F256BB8B}.AppStore|iPhoneSimulator.Build.0 = Release|Any CPU
		{6F47C1E9-DABE-47A9-A20D-EAB7F256BB8B}.AppStore|x64.ActiveCfg = Debug|Any CPU
		{6F47C1E9-DABE-47A9-A20D-EAB7F256BB8B}.AppStore|x64.Build.0 = Debug|Any CPU
		{6F47C1E9-DABE-47A9-A20D-EAB7F256BB8B}.AppStore|x86.ActiveCfg = Debug|Any CPU
		{6F47C1E9-DABE-47A9-A20D-EAB7F256BB8B}.AppStore|x86.Build.0 = Debug|Any CPU
		{6F47C1E9-DABE-47A9-A20D-EAB7F256BB8B}.Debug|Any CPU.ActiveCfg = Debug|Any CPU
		{6F47C1E9-DABE-47A9-A20D-EAB7F256BB8B}.Debug|Any CPU.Build.0 = Debug|Any CPU
		{6F47C1E9-DABE-47A9-A20D-EAB7F256BB8B}.Debug|ARM.ActiveCfg = Debug|Any CPU
		{6F47C1E9-DABE-47A9-A20D-EAB7F256BB8B}.Debug|ARM.Build.0 = Debug|Any CPU
		{6F47C1E9-DABE-47A9-A20D-EAB7F256BB8B}.Debug|iPhone.ActiveCfg = Debug|Any CPU
		{6F47C1E9-DABE-47A9-A20D-EAB7F256BB8B}.Debug|iPhone.Build.0 = Debug|Any CPU
		{6F47C1E9-DABE-47A9-A20D-EAB7F256BB8B}.Debug|iPhoneSimulator.ActiveCfg = Debug|Any CPU
		{6F47C1E9-DABE-47A9-A20D-EAB7F256BB8B}.Debug|iPhoneSimulator.Build.0 = Debug|Any CPU
		{6F47C1E9-DABE-47A9-A20D-EAB7F256BB8B}.Debug|x64.ActiveCfg = Debug|Any CPU
		{6F47C1E9-DABE-47A9-A20D-EAB7F256BB8B}.Debug|x64.Build.0 = Debug|Any CPU
		{6F47C1E9-DABE-47A9-A20D-EAB7F256BB8B}.Debug|x86.ActiveCfg = Debug|Any CPU
		{6F47C1E9-DABE-47A9-A20D-EAB7F256BB8B}.Debug|x86.Build.0 = Debug|Any CPU
		{6F47C1E9-DABE-47A9-A20D-EAB7F256BB8B}.Release|Any CPU.ActiveCfg = Release|Any CPU
		{6F47C1E9-DABE-47A9-A20D-EAB7F256BB8B}.Release|Any CPU.Build.0 = Release|Any CPU
		{6F47C1E9-DABE-47A9-A20D-EAB7F256BB8B}.Release|ARM.ActiveCfg = Release|Any CPU
		{6F47C1E9-DABE-47A9-A20D-EAB7F256BB8B}.Release|ARM.Build.0 = Release|Any CPU
		{6F47C1E9-DABE-47A9-A20D-EAB7F256BB8B}.Release|iPhone.ActiveCfg = Release|Any CPU
		{6F47C1E9-DABE-47A9-A20D-EAB7F256BB8B}.Release|iPhone.Build.0 = Release|Any CPU
		{6F47C1E9-DABE-47A9-A20D-EAB7F256BB8B}.Release|iPhoneSimulator.ActiveCfg = Release|Any CPU
		{6F47C1E9-DABE-47A9-A20D-EAB7F256BB8B}.Release|iPhoneSimulator.Build.0 = Release|Any CPU
		{6F47C1E9-DABE-47A9-A20D-EAB7F256BB8B}.Release|x64.ActiveCfg = Release|Any CPU
		{6F47C1E9-DABE-47A9-A20D-EAB7F256BB8B}.Release|x64.Build.0 = Release|Any CPU
		{6F47C1E9-DABE-47A9-A20D-EAB7F256BB8B}.Release|x86.ActiveCfg = Release|Any CPU
		{6F47C1E9-DABE-47A9-A20D-EAB7F256BB8B}.Release|x86.Build.0 = Release|Any CPU
		{A39E9DF9-2DFE-4CB8-BA0C-096C8EFD67D8}.Ad-Hoc|Any CPU.ActiveCfg = Release|Any CPU
		{A39E9DF9-2DFE-4CB8-BA0C-096C8EFD67D8}.Ad-Hoc|Any CPU.Build.0 = Release|Any CPU
		{A39E9DF9-2DFE-4CB8-BA0C-096C8EFD67D8}.Ad-Hoc|ARM.ActiveCfg = Debug|Any CPU
		{A39E9DF9-2DFE-4CB8-BA0C-096C8EFD67D8}.Ad-Hoc|ARM.Build.0 = Debug|Any CPU
		{A39E9DF9-2DFE-4CB8-BA0C-096C8EFD67D8}.Ad-Hoc|iPhone.ActiveCfg = Release|Any CPU
		{A39E9DF9-2DFE-4CB8-BA0C-096C8EFD67D8}.Ad-Hoc|iPhone.Build.0 = Release|Any CPU
		{A39E9DF9-2DFE-4CB8-BA0C-096C8EFD67D8}.Ad-Hoc|iPhoneSimulator.ActiveCfg = Release|Any CPU
		{A39E9DF9-2DFE-4CB8-BA0C-096C8EFD67D8}.Ad-Hoc|iPhoneSimulator.Build.0 = Release|Any CPU
		{A39E9DF9-2DFE-4CB8-BA0C-096C8EFD67D8}.Ad-Hoc|x64.ActiveCfg = Debug|Any CPU
		{A39E9DF9-2DFE-4CB8-BA0C-096C8EFD67D8}.Ad-Hoc|x64.Build.0 = Debug|Any CPU
		{A39E9DF9-2DFE-4CB8-BA0C-096C8EFD67D8}.Ad-Hoc|x86.ActiveCfg = Debug|Any CPU
		{A39E9DF9-2DFE-4CB8-BA0C-096C8EFD67D8}.Ad-Hoc|x86.Build.0 = Debug|Any CPU
		{A39E9DF9-2DFE-4CB8-BA0C-096C8EFD67D8}.AppStore|Any CPU.ActiveCfg = Release|Any CPU
		{A39E9DF9-2DFE-4CB8-BA0C-096C8EFD67D8}.AppStore|Any CPU.Build.0 = Release|Any CPU
		{A39E9DF9-2DFE-4CB8-BA0C-096C8EFD67D8}.AppStore|ARM.ActiveCfg = Debug|Any CPU
		{A39E9DF9-2DFE-4CB8-BA0C-096C8EFD67D8}.AppStore|ARM.Build.0 = Debug|Any CPU
		{A39E9DF9-2DFE-4CB8-BA0C-096C8EFD67D8}.AppStore|iPhone.ActiveCfg = Release|Any CPU
		{A39E9DF9-2DFE-4CB8-BA0C-096C8EFD67D8}.AppStore|iPhone.Build.0 = Release|Any CPU
		{A39E9DF9-2DFE-4CB8-BA0C-096C8EFD67D8}.AppStore|iPhoneSimulator.ActiveCfg = Release|Any CPU
		{A39E9DF9-2DFE-4CB8-BA0C-096C8EFD67D8}.AppStore|iPhoneSimulator.Build.0 = Release|Any CPU
		{A39E9DF9-2DFE-4CB8-BA0C-096C8EFD67D8}.AppStore|x64.ActiveCfg = Debug|Any CPU
		{A39E9DF9-2DFE-4CB8-BA0C-096C8EFD67D8}.AppStore|x64.Build.0 = Debug|Any CPU
		{A39E9DF9-2DFE-4CB8-BA0C-096C8EFD67D8}.AppStore|x86.ActiveCfg = Debug|Any CPU
		{A39E9DF9-2DFE-4CB8-BA0C-096C8EFD67D8}.AppStore|x86.Build.0 = Debug|Any CPU
		{A39E9DF9-2DFE-4CB8-BA0C-096C8EFD67D8}.Debug|Any CPU.ActiveCfg = Debug|Any CPU
		{A39E9DF9-2DFE-4CB8-BA0C-096C8EFD67D8}.Debug|Any CPU.Build.0 = Debug|Any CPU
		{A39E9DF9-2DFE-4CB8-BA0C-096C8EFD67D8}.Debug|ARM.ActiveCfg = Debug|Any CPU
		{A39E9DF9-2DFE-4CB8-BA0C-096C8EFD67D8}.Debug|ARM.Build.0 = Debug|Any CPU
		{A39E9DF9-2DFE-4CB8-BA0C-096C8EFD67D8}.Debug|iPhone.ActiveCfg = Debug|Any CPU
		{A39E9DF9-2DFE-4CB8-BA0C-096C8EFD67D8}.Debug|iPhone.Build.0 = Debug|Any CPU
		{A39E9DF9-2DFE-4CB8-BA0C-096C8EFD67D8}.Debug|iPhoneSimulator.ActiveCfg = Debug|Any CPU
		{A39E9DF9-2DFE-4CB8-BA0C-096C8EFD67D8}.Debug|iPhoneSimulator.Build.0 = Debug|Any CPU
		{A39E9DF9-2DFE-4CB8-BA0C-096C8EFD67D8}.Debug|x64.ActiveCfg = Debug|Any CPU
		{A39E9DF9-2DFE-4CB8-BA0C-096C8EFD67D8}.Debug|x64.Build.0 = Debug|Any CPU
		{A39E9DF9-2DFE-4CB8-BA0C-096C8EFD67D8}.Debug|x86.ActiveCfg = Debug|Any CPU
		{A39E9DF9-2DFE-4CB8-BA0C-096C8EFD67D8}.Debug|x86.Build.0 = Debug|Any CPU
		{A39E9DF9-2DFE-4CB8-BA0C-096C8EFD67D8}.Release|Any CPU.ActiveCfg = Release|Any CPU
		{A39E9DF9-2DFE-4CB8-BA0C-096C8EFD67D8}.Release|Any CPU.Build.0 = Release|Any CPU
		{A39E9DF9-2DFE-4CB8-BA0C-096C8EFD67D8}.Release|ARM.ActiveCfg = Release|Any CPU
		{A39E9DF9-2DFE-4CB8-BA0C-096C8EFD67D8}.Release|ARM.Build.0 = Release|Any CPU
		{A39E9DF9-2DFE-4CB8-BA0C-096C8EFD67D8}.Release|iPhone.ActiveCfg = Release|Any CPU
		{A39E9DF9-2DFE-4CB8-BA0C-096C8EFD67D8}.Release|iPhone.Build.0 = Release|Any CPU
		{A39E9DF9-2DFE-4CB8-BA0C-096C8EFD67D8}.Release|iPhoneSimulator.ActiveCfg = Release|Any CPU
		{A39E9DF9-2DFE-4CB8-BA0C-096C8EFD67D8}.Release|iPhoneSimulator.Build.0 = Release|Any CPU
		{A39E9DF9-2DFE-4CB8-BA0C-096C8EFD67D8}.Release|x64.ActiveCfg = Release|Any CPU
		{A39E9DF9-2DFE-4CB8-BA0C-096C8EFD67D8}.Release|x64.Build.0 = Release|Any CPU
		{A39E9DF9-2DFE-4CB8-BA0C-096C8EFD67D8}.Release|x86.ActiveCfg = Release|Any CPU
		{A39E9DF9-2DFE-4CB8-BA0C-096C8EFD67D8}.Release|x86.Build.0 = Release|Any CPU
		{D45CA832-AE3C-4E8C-850E-678E0B0D9816}.Ad-Hoc|Any CPU.ActiveCfg = Release|Any CPU
		{D45CA832-AE3C-4E8C-850E-678E0B0D9816}.Ad-Hoc|Any CPU.Build.0 = Release|Any CPU
		{D45CA832-AE3C-4E8C-850E-678E0B0D9816}.Ad-Hoc|ARM.ActiveCfg = Debug|Any CPU
		{D45CA832-AE3C-4E8C-850E-678E0B0D9816}.Ad-Hoc|ARM.Build.0 = Debug|Any CPU
		{D45CA832-AE3C-4E8C-850E-678E0B0D9816}.Ad-Hoc|iPhone.ActiveCfg = Release|Any CPU
		{D45CA832-AE3C-4E8C-850E-678E0B0D9816}.Ad-Hoc|iPhone.Build.0 = Release|Any CPU
		{D45CA832-AE3C-4E8C-850E-678E0B0D9816}.Ad-Hoc|iPhoneSimulator.ActiveCfg = Release|Any CPU
		{D45CA832-AE3C-4E8C-850E-678E0B0D9816}.Ad-Hoc|iPhoneSimulator.Build.0 = Release|Any CPU
		{D45CA832-AE3C-4E8C-850E-678E0B0D9816}.Ad-Hoc|x64.ActiveCfg = Debug|Any CPU
		{D45CA832-AE3C-4E8C-850E-678E0B0D9816}.Ad-Hoc|x64.Build.0 = Debug|Any CPU
		{D45CA832-AE3C-4E8C-850E-678E0B0D9816}.Ad-Hoc|x86.ActiveCfg = Debug|Any CPU
		{D45CA832-AE3C-4E8C-850E-678E0B0D9816}.Ad-Hoc|x86.Build.0 = Debug|Any CPU
		{D45CA832-AE3C-4E8C-850E-678E0B0D9816}.AppStore|Any CPU.ActiveCfg = Release|Any CPU
		{D45CA832-AE3C-4E8C-850E-678E0B0D9816}.AppStore|Any CPU.Build.0 = Release|Any CPU
		{D45CA832-AE3C-4E8C-850E-678E0B0D9816}.AppStore|ARM.ActiveCfg = Debug|Any CPU
		{D45CA832-AE3C-4E8C-850E-678E0B0D9816}.AppStore|ARM.Build.0 = Debug|Any CPU
		{D45CA832-AE3C-4E8C-850E-678E0B0D9816}.AppStore|iPhone.ActiveCfg = Release|Any CPU
		{D45CA832-AE3C-4E8C-850E-678E0B0D9816}.AppStore|iPhone.Build.0 = Release|Any CPU
		{D45CA832-AE3C-4E8C-850E-678E0B0D9816}.AppStore|iPhoneSimulator.ActiveCfg = Release|Any CPU
		{D45CA832-AE3C-4E8C-850E-678E0B0D9816}.AppStore|iPhoneSimulator.Build.0 = Release|Any CPU
		{D45CA832-AE3C-4E8C-850E-678E0B0D9816}.AppStore|x64.ActiveCfg = Debug|Any CPU
		{D45CA832-AE3C-4E8C-850E-678E0B0D9816}.AppStore|x64.Build.0 = Debug|Any CPU
		{D45CA832-AE3C-4E8C-850E-678E0B0D9816}.AppStore|x86.ActiveCfg = Debug|Any CPU
		{D45CA832-AE3C-4E8C-850E-678E0B0D9816}.AppStore|x86.Build.0 = Debug|Any CPU
		{D45CA832-AE3C-4E8C-850E-678E0B0D9816}.Debug|Any CPU.ActiveCfg = Debug|Any CPU
		{D45CA832-AE3C-4E8C-850E-678E0B0D9816}.Debug|Any CPU.Build.0 = Debug|Any CPU
		{D45CA832-AE3C-4E8C-850E-678E0B0D9816}.Debug|ARM.ActiveCfg = Debug|Any CPU
		{D45CA832-AE3C-4E8C-850E-678E0B0D9816}.Debug|ARM.Build.0 = Debug|Any CPU
		{D45CA832-AE3C-4E8C-850E-678E0B0D9816}.Debug|iPhone.ActiveCfg = Debug|Any CPU
		{D45CA832-AE3C-4E8C-850E-678E0B0D9816}.Debug|iPhone.Build.0 = Debug|Any CPU
		{D45CA832-AE3C-4E8C-850E-678E0B0D9816}.Debug|iPhoneSimulator.ActiveCfg = Debug|Any CPU
		{D45CA832-AE3C-4E8C-850E-678E0B0D9816}.Debug|iPhoneSimulator.Build.0 = Debug|Any CPU
		{D45CA832-AE3C-4E8C-850E-678E0B0D9816}.Debug|x64.ActiveCfg = Debug|Any CPU
		{D45CA832-AE3C-4E8C-850E-678E0B0D9816}.Debug|x64.Build.0 = Debug|Any CPU
		{D45CA832-AE3C-4E8C-850E-678E0B0D9816}.Debug|x86.ActiveCfg = Debug|Any CPU
		{D45CA832-AE3C-4E8C-850E-678E0B0D9816}.Debug|x86.Build.0 = Debug|Any CPU
		{D45CA832-AE3C-4E8C-850E-678E0B0D9816}.Release|Any CPU.ActiveCfg = Release|Any CPU
		{D45CA832-AE3C-4E8C-850E-678E0B0D9816}.Release|Any CPU.Build.0 = Release|Any CPU
		{D45CA832-AE3C-4E8C-850E-678E0B0D9816}.Release|ARM.ActiveCfg = Release|Any CPU
		{D45CA832-AE3C-4E8C-850E-678E0B0D9816}.Release|ARM.Build.0 = Release|Any CPU
		{D45CA832-AE3C-4E8C-850E-678E0B0D9816}.Release|iPhone.ActiveCfg = Release|Any CPU
		{D45CA832-AE3C-4E8C-850E-678E0B0D9816}.Release|iPhone.Build.0 = Release|Any CPU
		{D45CA832-AE3C-4E8C-850E-678E0B0D9816}.Release|iPhoneSimulator.ActiveCfg = Release|Any CPU
		{D45CA832-AE3C-4E8C-850E-678E0B0D9816}.Release|iPhoneSimulator.Build.0 = Release|Any CPU
		{D45CA832-AE3C-4E8C-850E-678E0B0D9816}.Release|x64.ActiveCfg = Release|Any CPU
		{D45CA832-AE3C-4E8C-850E-678E0B0D9816}.Release|x64.Build.0 = Release|Any CPU
		{D45CA832-AE3C-4E8C-850E-678E0B0D9816}.Release|x86.ActiveCfg = Release|Any CPU
		{D45CA832-AE3C-4E8C-850E-678E0B0D9816}.Release|x86.Build.0 = Release|Any CPU
		{51CD7EC4-02C9-4FBF-863D-A55910158671}.Ad-Hoc|Any CPU.ActiveCfg = Release|Any CPU
		{51CD7EC4-02C9-4FBF-863D-A55910158671}.Ad-Hoc|Any CPU.Build.0 = Release|Any CPU
		{51CD7EC4-02C9-4FBF-863D-A55910158671}.Ad-Hoc|ARM.ActiveCfg = Debug|Any CPU
		{51CD7EC4-02C9-4FBF-863D-A55910158671}.Ad-Hoc|ARM.Build.0 = Debug|Any CPU
		{51CD7EC4-02C9-4FBF-863D-A55910158671}.Ad-Hoc|iPhone.ActiveCfg = Release|Any CPU
		{51CD7EC4-02C9-4FBF-863D-A55910158671}.Ad-Hoc|iPhone.Build.0 = Release|Any CPU
		{51CD7EC4-02C9-4FBF-863D-A55910158671}.Ad-Hoc|iPhoneSimulator.ActiveCfg = Release|Any CPU
		{51CD7EC4-02C9-4FBF-863D-A55910158671}.Ad-Hoc|iPhoneSimulator.Build.0 = Release|Any CPU
		{51CD7EC4-02C9-4FBF-863D-A55910158671}.Ad-Hoc|x64.ActiveCfg = Debug|Any CPU
		{51CD7EC4-02C9-4FBF-863D-A55910158671}.Ad-Hoc|x64.Build.0 = Debug|Any CPU
		{51CD7EC4-02C9-4FBF-863D-A55910158671}.Ad-Hoc|x86.ActiveCfg = Debug|Any CPU
		{51CD7EC4-02C9-4FBF-863D-A55910158671}.Ad-Hoc|x86.Build.0 = Debug|Any CPU
		{51CD7EC4-02C9-4FBF-863D-A55910158671}.AppStore|Any CPU.ActiveCfg = Release|Any CPU
		{51CD7EC4-02C9-4FBF-863D-A55910158671}.AppStore|Any CPU.Build.0 = Release|Any CPU
		{51CD7EC4-02C9-4FBF-863D-A55910158671}.AppStore|ARM.ActiveCfg = Debug|Any CPU
		{51CD7EC4-02C9-4FBF-863D-A55910158671}.AppStore|ARM.Build.0 = Debug|Any CPU
		{51CD7EC4-02C9-4FBF-863D-A55910158671}.AppStore|iPhone.ActiveCfg = Release|Any CPU
		{51CD7EC4-02C9-4FBF-863D-A55910158671}.AppStore|iPhone.Build.0 = Release|Any CPU
		{51CD7EC4-02C9-4FBF-863D-A55910158671}.AppStore|iPhoneSimulator.ActiveCfg = Release|Any CPU
		{51CD7EC4-02C9-4FBF-863D-A55910158671}.AppStore|iPhoneSimulator.Build.0 = Release|Any CPU
		{51CD7EC4-02C9-4FBF-863D-A55910158671}.AppStore|x64.ActiveCfg = Debug|Any CPU
		{51CD7EC4-02C9-4FBF-863D-A55910158671}.AppStore|x64.Build.0 = Debug|Any CPU
		{51CD7EC4-02C9-4FBF-863D-A55910158671}.AppStore|x86.ActiveCfg = Debug|Any CPU
		{51CD7EC4-02C9-4FBF-863D-A55910158671}.AppStore|x86.Build.0 = Debug|Any CPU
		{51CD7EC4-02C9-4FBF-863D-A55910158671}.Debug|Any CPU.ActiveCfg = Debug|Any CPU
		{51CD7EC4-02C9-4FBF-863D-A55910158671}.Debug|Any CPU.Build.0 = Debug|Any CPU
		{51CD7EC4-02C9-4FBF-863D-A55910158671}.Debug|ARM.ActiveCfg = Debug|Any CPU
		{51CD7EC4-02C9-4FBF-863D-A55910158671}.Debug|ARM.Build.0 = Debug|Any CPU
		{51CD7EC4-02C9-4FBF-863D-A55910158671}.Debug|iPhone.ActiveCfg = Debug|Any CPU
		{51CD7EC4-02C9-4FBF-863D-A55910158671}.Debug|iPhone.Build.0 = Debug|Any CPU
		{51CD7EC4-02C9-4FBF-863D-A55910158671}.Debug|iPhoneSimulator.ActiveCfg = Debug|Any CPU
		{51CD7EC4-02C9-4FBF-863D-A55910158671}.Debug|iPhoneSimulator.Build.0 = Debug|Any CPU
		{51CD7EC4-02C9-4FBF-863D-A55910158671}.Debug|x64.ActiveCfg = Debug|Any CPU
		{51CD7EC4-02C9-4FBF-863D-A55910158671}.Debug|x64.Build.0 = Debug|Any CPU
		{51CD7EC4-02C9-4FBF-863D-A55910158671}.Debug|x86.ActiveCfg = Debug|Any CPU
		{51CD7EC4-02C9-4FBF-863D-A55910158671}.Debug|x86.Build.0 = Debug|Any CPU
		{51CD7EC4-02C9-4FBF-863D-A55910158671}.Release|Any CPU.ActiveCfg = Release|Any CPU
		{51CD7EC4-02C9-4FBF-863D-A55910158671}.Release|Any CPU.Build.0 = Release|Any CPU
		{51CD7EC4-02C9-4FBF-863D-A55910158671}.Release|ARM.ActiveCfg = Release|Any CPU
		{51CD7EC4-02C9-4FBF-863D-A55910158671}.Release|ARM.Build.0 = Release|Any CPU
		{51CD7EC4-02C9-4FBF-863D-A55910158671}.Release|iPhone.ActiveCfg = Release|Any CPU
		{51CD7EC4-02C9-4FBF-863D-A55910158671}.Release|iPhone.Build.0 = Release|Any CPU
		{51CD7EC4-02C9-4FBF-863D-A55910158671}.Release|iPhoneSimulator.ActiveCfg = Release|Any CPU
		{51CD7EC4-02C9-4FBF-863D-A55910158671}.Release|iPhoneSimulator.Build.0 = Release|Any CPU
		{51CD7EC4-02C9-4FBF-863D-A55910158671}.Release|x64.ActiveCfg = Release|Any CPU
		{51CD7EC4-02C9-4FBF-863D-A55910158671}.Release|x64.Build.0 = Release|Any CPU
		{51CD7EC4-02C9-4FBF-863D-A55910158671}.Release|x86.ActiveCfg = Release|Any CPU
		{51CD7EC4-02C9-4FBF-863D-A55910158671}.Release|x86.Build.0 = Release|Any CPU
		{712A3C65-EF42-4BBA-8CD7-F995FA93942C}.Ad-Hoc|Any CPU.ActiveCfg = Release|Any CPU
		{712A3C65-EF42-4BBA-8CD7-F995FA93942C}.Ad-Hoc|Any CPU.Build.0 = Release|Any CPU
		{712A3C65-EF42-4BBA-8CD7-F995FA93942C}.Ad-Hoc|ARM.ActiveCfg = Debug|Any CPU
		{712A3C65-EF42-4BBA-8CD7-F995FA93942C}.Ad-Hoc|ARM.Build.0 = Debug|Any CPU
		{712A3C65-EF42-4BBA-8CD7-F995FA93942C}.Ad-Hoc|iPhone.ActiveCfg = Release|Any CPU
		{712A3C65-EF42-4BBA-8CD7-F995FA93942C}.Ad-Hoc|iPhone.Build.0 = Release|Any CPU
		{712A3C65-EF42-4BBA-8CD7-F995FA93942C}.Ad-Hoc|iPhoneSimulator.ActiveCfg = Release|Any CPU
		{712A3C65-EF42-4BBA-8CD7-F995FA93942C}.Ad-Hoc|iPhoneSimulator.Build.0 = Release|Any CPU
		{712A3C65-EF42-4BBA-8CD7-F995FA93942C}.Ad-Hoc|x64.ActiveCfg = Debug|Any CPU
		{712A3C65-EF42-4BBA-8CD7-F995FA93942C}.Ad-Hoc|x64.Build.0 = Debug|Any CPU
		{712A3C65-EF42-4BBA-8CD7-F995FA93942C}.Ad-Hoc|x86.ActiveCfg = Debug|Any CPU
		{712A3C65-EF42-4BBA-8CD7-F995FA93942C}.Ad-Hoc|x86.Build.0 = Debug|Any CPU
		{712A3C65-EF42-4BBA-8CD7-F995FA93942C}.AppStore|Any CPU.ActiveCfg = Release|Any CPU
		{712A3C65-EF42-4BBA-8CD7-F995FA93942C}.AppStore|Any CPU.Build.0 = Release|Any CPU
		{712A3C65-EF42-4BBA-8CD7-F995FA93942C}.AppStore|ARM.ActiveCfg = Debug|Any CPU
		{712A3C65-EF42-4BBA-8CD7-F995FA93942C}.AppStore|ARM.Build.0 = Debug|Any CPU
		{712A3C65-EF42-4BBA-8CD7-F995FA93942C}.AppStore|iPhone.ActiveCfg = Release|Any CPU
		{712A3C65-EF42-4BBA-8CD7-F995FA93942C}.AppStore|iPhone.Build.0 = Release|Any CPU
		{712A3C65-EF42-4BBA-8CD7-F995FA93942C}.AppStore|iPhoneSimulator.ActiveCfg = Release|Any CPU
		{712A3C65-EF42-4BBA-8CD7-F995FA93942C}.AppStore|iPhoneSimulator.Build.0 = Release|Any CPU
		{712A3C65-EF42-4BBA-8CD7-F995FA93942C}.AppStore|x64.ActiveCfg = Debug|Any CPU
		{712A3C65-EF42-4BBA-8CD7-F995FA93942C}.AppStore|x64.Build.0 = Debug|Any CPU
		{712A3C65-EF42-4BBA-8CD7-F995FA93942C}.AppStore|x86.ActiveCfg = Debug|Any CPU
		{712A3C65-EF42-4BBA-8CD7-F995FA93942C}.AppStore|x86.Build.0 = Debug|Any CPU
		{712A3C65-EF42-4BBA-8CD7-F995FA93942C}.Debug|Any CPU.ActiveCfg = Debug|Any CPU
		{712A3C65-EF42-4BBA-8CD7-F995FA93942C}.Debug|Any CPU.Build.0 = Debug|Any CPU
		{712A3C65-EF42-4BBA-8CD7-F995FA93942C}.Debug|ARM.ActiveCfg = Debug|Any CPU
		{712A3C65-EF42-4BBA-8CD7-F995FA93942C}.Debug|ARM.Build.0 = Debug|Any CPU
		{712A3C65-EF42-4BBA-8CD7-F995FA93942C}.Debug|iPhone.ActiveCfg = Debug|Any CPU
		{712A3C65-EF42-4BBA-8CD7-F995FA93942C}.Debug|iPhone.Build.0 = Debug|Any CPU
		{712A3C65-EF42-4BBA-8CD7-F995FA93942C}.Debug|iPhoneSimulator.ActiveCfg = Debug|Any CPU
		{712A3C65-EF42-4BBA-8CD7-F995FA93942C}.Debug|iPhoneSimulator.Build.0 = Debug|Any CPU
		{712A3C65-EF42-4BBA-8CD7-F995FA93942C}.Debug|x64.ActiveCfg = Debug|Any CPU
		{712A3C65-EF42-4BBA-8CD7-F995FA93942C}.Debug|x64.Build.0 = Debug|Any CPU
		{712A3C65-EF42-4BBA-8CD7-F995FA93942C}.Debug|x86.ActiveCfg = Debug|Any CPU
		{712A3C65-EF42-4BBA-8CD7-F995FA93942C}.Debug|x86.Build.0 = Debug|Any CPU
		{712A3C65-EF42-4BBA-8CD7-F995FA93942C}.Release|Any CPU.ActiveCfg = Release|Any CPU
		{712A3C65-EF42-4BBA-8CD7-F995FA93942C}.Release|Any CPU.Build.0 = Release|Any CPU
		{712A3C65-EF42-4BBA-8CD7-F995FA93942C}.Release|ARM.ActiveCfg = Release|Any CPU
		{712A3C65-EF42-4BBA-8CD7-F995FA93942C}.Release|ARM.Build.0 = Release|Any CPU
		{712A3C65-EF42-4BBA-8CD7-F995FA93942C}.Release|iPhone.ActiveCfg = Release|Any CPU
		{712A3C65-EF42-4BBA-8CD7-F995FA93942C}.Release|iPhone.Build.0 = Release|Any CPU
		{712A3C65-EF42-4BBA-8CD7-F995FA93942C}.Release|iPhoneSimulator.ActiveCfg = Release|Any CPU
		{712A3C65-EF42-4BBA-8CD7-F995FA93942C}.Release|iPhoneSimulator.Build.0 = Release|Any CPU
		{712A3C65-EF42-4BBA-8CD7-F995FA93942C}.Release|x64.ActiveCfg = Release|Any CPU
		{712A3C65-EF42-4BBA-8CD7-F995FA93942C}.Release|x64.Build.0 = Release|Any CPU
		{712A3C65-EF42-4BBA-8CD7-F995FA93942C}.Release|x86.ActiveCfg = Release|Any CPU
		{712A3C65-EF42-4BBA-8CD7-F995FA93942C}.Release|x86.Build.0 = Release|Any CPU
		{8670D7E6-AEF4-44AF-85E2-66EF80542005}.Ad-Hoc|Any CPU.ActiveCfg = Release|Any CPU
		{8670D7E6-AEF4-44AF-85E2-66EF80542005}.Ad-Hoc|Any CPU.Build.0 = Release|Any CPU
		{8670D7E6-AEF4-44AF-85E2-66EF80542005}.Ad-Hoc|ARM.ActiveCfg = Debug|Any CPU
		{8670D7E6-AEF4-44AF-85E2-66EF80542005}.Ad-Hoc|ARM.Build.0 = Debug|Any CPU
		{8670D7E6-AEF4-44AF-85E2-66EF80542005}.Ad-Hoc|iPhone.ActiveCfg = Release|Any CPU
		{8670D7E6-AEF4-44AF-85E2-66EF80542005}.Ad-Hoc|iPhone.Build.0 = Release|Any CPU
		{8670D7E6-AEF4-44AF-85E2-66EF80542005}.Ad-Hoc|iPhoneSimulator.ActiveCfg = Release|Any CPU
		{8670D7E6-AEF4-44AF-85E2-66EF80542005}.Ad-Hoc|iPhoneSimulator.Build.0 = Release|Any CPU
		{8670D7E6-AEF4-44AF-85E2-66EF80542005}.Ad-Hoc|x64.ActiveCfg = Debug|Any CPU
		{8670D7E6-AEF4-44AF-85E2-66EF80542005}.Ad-Hoc|x64.Build.0 = Debug|Any CPU
		{8670D7E6-AEF4-44AF-85E2-66EF80542005}.Ad-Hoc|x86.ActiveCfg = Debug|Any CPU
		{8670D7E6-AEF4-44AF-85E2-66EF80542005}.Ad-Hoc|x86.Build.0 = Debug|Any CPU
		{8670D7E6-AEF4-44AF-85E2-66EF80542005}.AppStore|Any CPU.ActiveCfg = Release|Any CPU
		{8670D7E6-AEF4-44AF-85E2-66EF80542005}.AppStore|Any CPU.Build.0 = Release|Any CPU
		{8670D7E6-AEF4-44AF-85E2-66EF80542005}.AppStore|ARM.ActiveCfg = Debug|Any CPU
		{8670D7E6-AEF4-44AF-85E2-66EF80542005}.AppStore|ARM.Build.0 = Debug|Any CPU
		{8670D7E6-AEF4-44AF-85E2-66EF80542005}.AppStore|iPhone.ActiveCfg = Release|Any CPU
		{8670D7E6-AEF4-44AF-85E2-66EF80542005}.AppStore|iPhone.Build.0 = Release|Any CPU
		{8670D7E6-AEF4-44AF-85E2-66EF80542005}.AppStore|iPhoneSimulator.ActiveCfg = Release|Any CPU
		{8670D7E6-AEF4-44AF-85E2-66EF80542005}.AppStore|iPhoneSimulator.Build.0 = Release|Any CPU
		{8670D7E6-AEF4-44AF-85E2-66EF80542005}.AppStore|x64.ActiveCfg = Debug|Any CPU
		{8670D7E6-AEF4-44AF-85E2-66EF80542005}.AppStore|x64.Build.0 = Debug|Any CPU
		{8670D7E6-AEF4-44AF-85E2-66EF80542005}.AppStore|x86.ActiveCfg = Debug|Any CPU
		{8670D7E6-AEF4-44AF-85E2-66EF80542005}.AppStore|x86.Build.0 = Debug|Any CPU
		{8670D7E6-AEF4-44AF-85E2-66EF80542005}.Debug|Any CPU.ActiveCfg = Debug|Any CPU
		{8670D7E6-AEF4-44AF-85E2-66EF80542005}.Debug|Any CPU.Build.0 = Debug|Any CPU
		{8670D7E6-AEF4-44AF-85E2-66EF80542005}.Debug|ARM.ActiveCfg = Debug|Any CPU
		{8670D7E6-AEF4-44AF-85E2-66EF80542005}.Debug|ARM.Build.0 = Debug|Any CPU
		{8670D7E6-AEF4-44AF-85E2-66EF80542005}.Debug|iPhone.ActiveCfg = Debug|Any CPU
		{8670D7E6-AEF4-44AF-85E2-66EF80542005}.Debug|iPhone.Build.0 = Debug|Any CPU
		{8670D7E6-AEF4-44AF-85E2-66EF80542005}.Debug|iPhoneSimulator.ActiveCfg = Debug|Any CPU
		{8670D7E6-AEF4-44AF-85E2-66EF80542005}.Debug|iPhoneSimulator.Build.0 = Debug|Any CPU
		{8670D7E6-AEF4-44AF-85E2-66EF80542005}.Debug|x64.ActiveCfg = Debug|Any CPU
		{8670D7E6-AEF4-44AF-85E2-66EF80542005}.Debug|x64.Build.0 = Debug|Any CPU
		{8670D7E6-AEF4-44AF-85E2-66EF80542005}.Debug|x86.ActiveCfg = Debug|Any CPU
		{8670D7E6-AEF4-44AF-85E2-66EF80542005}.Debug|x86.Build.0 = Debug|Any CPU
		{8670D7E6-AEF4-44AF-85E2-66EF80542005}.Release|Any CPU.ActiveCfg = Release|Any CPU
		{8670D7E6-AEF4-44AF-85E2-66EF80542005}.Release|Any CPU.Build.0 = Release|Any CPU
		{8670D7E6-AEF4-44AF-85E2-66EF80542005}.Release|ARM.ActiveCfg = Release|Any CPU
		{8670D7E6-AEF4-44AF-85E2-66EF80542005}.Release|ARM.Build.0 = Release|Any CPU
		{8670D7E6-AEF4-44AF-85E2-66EF80542005}.Release|iPhone.ActiveCfg = Release|Any CPU
		{8670D7E6-AEF4-44AF-85E2-66EF80542005}.Release|iPhone.Build.0 = Release|Any CPU
		{8670D7E6-AEF4-44AF-85E2-66EF80542005}.Release|iPhoneSimulator.ActiveCfg = Release|Any CPU
		{8670D7E6-AEF4-44AF-85E2-66EF80542005}.Release|iPhoneSimulator.Build.0 = Release|Any CPU
		{8670D7E6-AEF4-44AF-85E2-66EF80542005}.Release|x64.ActiveCfg = Release|Any CPU
		{8670D7E6-AEF4-44AF-85E2-66EF80542005}.Release|x64.Build.0 = Release|Any CPU
		{8670D7E6-AEF4-44AF-85E2-66EF80542005}.Release|x86.ActiveCfg = Release|Any CPU
		{8670D7E6-AEF4-44AF-85E2-66EF80542005}.Release|x86.Build.0 = Release|Any CPU
		{5BCBB055-7896-470E-AF43-0F8E79A77515}.Ad-Hoc|Any CPU.ActiveCfg = Release|Any CPU
		{5BCBB055-7896-470E-AF43-0F8E79A77515}.Ad-Hoc|Any CPU.Build.0 = Release|Any CPU
		{5BCBB055-7896-470E-AF43-0F8E79A77515}.Ad-Hoc|ARM.ActiveCfg = Debug|Any CPU
		{5BCBB055-7896-470E-AF43-0F8E79A77515}.Ad-Hoc|ARM.Build.0 = Debug|Any CPU
		{5BCBB055-7896-470E-AF43-0F8E79A77515}.Ad-Hoc|iPhone.ActiveCfg = Release|Any CPU
		{5BCBB055-7896-470E-AF43-0F8E79A77515}.Ad-Hoc|iPhone.Build.0 = Release|Any CPU
		{5BCBB055-7896-470E-AF43-0F8E79A77515}.Ad-Hoc|iPhoneSimulator.ActiveCfg = Release|Any CPU
		{5BCBB055-7896-470E-AF43-0F8E79A77515}.Ad-Hoc|iPhoneSimulator.Build.0 = Release|Any CPU
		{5BCBB055-7896-470E-AF43-0F8E79A77515}.Ad-Hoc|x64.ActiveCfg = Debug|Any CPU
		{5BCBB055-7896-470E-AF43-0F8E79A77515}.Ad-Hoc|x64.Build.0 = Debug|Any CPU
		{5BCBB055-7896-470E-AF43-0F8E79A77515}.Ad-Hoc|x86.ActiveCfg = Debug|Any CPU
		{5BCBB055-7896-470E-AF43-0F8E79A77515}.Ad-Hoc|x86.Build.0 = Debug|Any CPU
		{5BCBB055-7896-470E-AF43-0F8E79A77515}.AppStore|Any CPU.ActiveCfg = Release|Any CPU
		{5BCBB055-7896-470E-AF43-0F8E79A77515}.AppStore|Any CPU.Build.0 = Release|Any CPU
		{5BCBB055-7896-470E-AF43-0F8E79A77515}.AppStore|ARM.ActiveCfg = Debug|Any CPU
		{5BCBB055-7896-470E-AF43-0F8E79A77515}.AppStore|ARM.Build.0 = Debug|Any CPU
		{5BCBB055-7896-470E-AF43-0F8E79A77515}.AppStore|iPhone.ActiveCfg = Release|Any CPU
		{5BCBB055-7896-470E-AF43-0F8E79A77515}.AppStore|iPhone.Build.0 = Release|Any CPU
		{5BCBB055-7896-470E-AF43-0F8E79A77515}.AppStore|iPhoneSimulator.ActiveCfg = Release|Any CPU
		{5BCBB055-7896-470E-AF43-0F8E79A77515}.AppStore|iPhoneSimulator.Build.0 = Release|Any CPU
		{5BCBB055-7896-470E-AF43-0F8E79A77515}.AppStore|x64.ActiveCfg = Debug|Any CPU
		{5BCBB055-7896-470E-AF43-0F8E79A77515}.AppStore|x64.Build.0 = Debug|Any CPU
		{5BCBB055-7896-470E-AF43-0F8E79A77515}.AppStore|x86.ActiveCfg = Debug|Any CPU
		{5BCBB055-7896-470E-AF43-0F8E79A77515}.AppStore|x86.Build.0 = Debug|Any CPU
		{5BCBB055-7896-470E-AF43-0F8E79A77515}.Debug|Any CPU.ActiveCfg = Debug|Any CPU
		{5BCBB055-7896-470E-AF43-0F8E79A77515}.Debug|Any CPU.Build.0 = Debug|Any CPU
		{5BCBB055-7896-470E-AF43-0F8E79A77515}.Debug|ARM.ActiveCfg = Debug|Any CPU
		{5BCBB055-7896-470E-AF43-0F8E79A77515}.Debug|ARM.Build.0 = Debug|Any CPU
		{5BCBB055-7896-470E-AF43-0F8E79A77515}.Debug|iPhone.ActiveCfg = Debug|Any CPU
		{5BCBB055-7896-470E-AF43-0F8E79A77515}.Debug|iPhone.Build.0 = Debug|Any CPU
		{5BCBB055-7896-470E-AF43-0F8E79A77515}.Debug|iPhoneSimulator.ActiveCfg = Debug|Any CPU
		{5BCBB055-7896-470E-AF43-0F8E79A77515}.Debug|iPhoneSimulator.Build.0 = Debug|Any CPU
		{5BCBB055-7896-470E-AF43-0F8E79A77515}.Debug|x64.ActiveCfg = Debug|Any CPU
		{5BCBB055-7896-470E-AF43-0F8E79A77515}.Debug|x64.Build.0 = Debug|Any CPU
		{5BCBB055-7896-470E-AF43-0F8E79A77515}.Debug|x86.ActiveCfg = Debug|Any CPU
		{5BCBB055-7896-470E-AF43-0F8E79A77515}.Debug|x86.Build.0 = Debug|Any CPU
		{5BCBB055-7896-470E-AF43-0F8E79A77515}.Release|Any CPU.ActiveCfg = Release|Any CPU
		{5BCBB055-7896-470E-AF43-0F8E79A77515}.Release|Any CPU.Build.0 = Release|Any CPU
		{5BCBB055-7896-470E-AF43-0F8E79A77515}.Release|ARM.ActiveCfg = Release|Any CPU
		{5BCBB055-7896-470E-AF43-0F8E79A77515}.Release|ARM.Build.0 = Release|Any CPU
		{5BCBB055-7896-470E-AF43-0F8E79A77515}.Release|iPhone.ActiveCfg = Release|Any CPU
		{5BCBB055-7896-470E-AF43-0F8E79A77515}.Release|iPhone.Build.0 = Release|Any CPU
		{5BCBB055-7896-470E-AF43-0F8E79A77515}.Release|iPhoneSimulator.ActiveCfg = Release|Any CPU
		{5BCBB055-7896-470E-AF43-0F8E79A77515}.Release|iPhoneSimulator.Build.0 = Release|Any CPU
		{5BCBB055-7896-470E-AF43-0F8E79A77515}.Release|x64.ActiveCfg = Release|Any CPU
		{5BCBB055-7896-470E-AF43-0F8E79A77515}.Release|x64.Build.0 = Release|Any CPU
		{5BCBB055-7896-470E-AF43-0F8E79A77515}.Release|x86.ActiveCfg = Release|Any CPU
		{5BCBB055-7896-470E-AF43-0F8E79A77515}.Release|x86.Build.0 = Release|Any CPU
		{B2F6B8E2-CBD0-4905-B7AC-ABA21C1EA43F}.Ad-Hoc|Any CPU.ActiveCfg = Release|Any CPU
		{B2F6B8E2-CBD0-4905-B7AC-ABA21C1EA43F}.Ad-Hoc|Any CPU.Build.0 = Release|Any CPU
		{B2F6B8E2-CBD0-4905-B7AC-ABA21C1EA43F}.Ad-Hoc|ARM.ActiveCfg = Debug|Any CPU
		{B2F6B8E2-CBD0-4905-B7AC-ABA21C1EA43F}.Ad-Hoc|ARM.Build.0 = Debug|Any CPU
		{B2F6B8E2-CBD0-4905-B7AC-ABA21C1EA43F}.Ad-Hoc|iPhone.ActiveCfg = Release|Any CPU
		{B2F6B8E2-CBD0-4905-B7AC-ABA21C1EA43F}.Ad-Hoc|iPhone.Build.0 = Release|Any CPU
		{B2F6B8E2-CBD0-4905-B7AC-ABA21C1EA43F}.Ad-Hoc|iPhoneSimulator.ActiveCfg = Release|Any CPU
		{B2F6B8E2-CBD0-4905-B7AC-ABA21C1EA43F}.Ad-Hoc|iPhoneSimulator.Build.0 = Release|Any CPU
		{B2F6B8E2-CBD0-4905-B7AC-ABA21C1EA43F}.Ad-Hoc|x64.ActiveCfg = Debug|Any CPU
		{B2F6B8E2-CBD0-4905-B7AC-ABA21C1EA43F}.Ad-Hoc|x64.Build.0 = Debug|Any CPU
		{B2F6B8E2-CBD0-4905-B7AC-ABA21C1EA43F}.Ad-Hoc|x86.ActiveCfg = Debug|Any CPU
		{B2F6B8E2-CBD0-4905-B7AC-ABA21C1EA43F}.Ad-Hoc|x86.Build.0 = Debug|Any CPU
		{B2F6B8E2-CBD0-4905-B7AC-ABA21C1EA43F}.AppStore|Any CPU.ActiveCfg = Release|Any CPU
		{B2F6B8E2-CBD0-4905-B7AC-ABA21C1EA43F}.AppStore|Any CPU.Build.0 = Release|Any CPU
		{B2F6B8E2-CBD0-4905-B7AC-ABA21C1EA43F}.AppStore|ARM.ActiveCfg = Debug|Any CPU
		{B2F6B8E2-CBD0-4905-B7AC-ABA21C1EA43F}.AppStore|ARM.Build.0 = Debug|Any CPU
		{B2F6B8E2-CBD0-4905-B7AC-ABA21C1EA43F}.AppStore|iPhone.ActiveCfg = Release|Any CPU
		{B2F6B8E2-CBD0-4905-B7AC-ABA21C1EA43F}.AppStore|iPhone.Build.0 = Release|Any CPU
		{B2F6B8E2-CBD0-4905-B7AC-ABA21C1EA43F}.AppStore|iPhoneSimulator.ActiveCfg = Release|Any CPU
		{B2F6B8E2-CBD0-4905-B7AC-ABA21C1EA43F}.AppStore|iPhoneSimulator.Build.0 = Release|Any CPU
		{B2F6B8E2-CBD0-4905-B7AC-ABA21C1EA43F}.AppStore|x64.ActiveCfg = Debug|Any CPU
		{B2F6B8E2-CBD0-4905-B7AC-ABA21C1EA43F}.AppStore|x64.Build.0 = Debug|Any CPU
		{B2F6B8E2-CBD0-4905-B7AC-ABA21C1EA43F}.AppStore|x86.ActiveCfg = Debug|Any CPU
		{B2F6B8E2-CBD0-4905-B7AC-ABA21C1EA43F}.AppStore|x86.Build.0 = Debug|Any CPU
		{B2F6B8E2-CBD0-4905-B7AC-ABA21C1EA43F}.Debug|Any CPU.ActiveCfg = Debug|Any CPU
		{B2F6B8E2-CBD0-4905-B7AC-ABA21C1EA43F}.Debug|Any CPU.Build.0 = Debug|Any CPU
		{B2F6B8E2-CBD0-4905-B7AC-ABA21C1EA43F}.Debug|ARM.ActiveCfg = Debug|Any CPU
		{B2F6B8E2-CBD0-4905-B7AC-ABA21C1EA43F}.Debug|ARM.Build.0 = Debug|Any CPU
		{B2F6B8E2-CBD0-4905-B7AC-ABA21C1EA43F}.Debug|iPhone.ActiveCfg = Debug|Any CPU
		{B2F6B8E2-CBD0-4905-B7AC-ABA21C1EA43F}.Debug|iPhone.Build.0 = Debug|Any CPU
		{B2F6B8E2-CBD0-4905-B7AC-ABA21C1EA43F}.Debug|iPhoneSimulator.ActiveCfg = Debug|Any CPU
		{B2F6B8E2-CBD0-4905-B7AC-ABA21C1EA43F}.Debug|iPhoneSimulator.Build.0 = Debug|Any CPU
		{B2F6B8E2-CBD0-4905-B7AC-ABA21C1EA43F}.Debug|x64.ActiveCfg = Debug|Any CPU
		{B2F6B8E2-CBD0-4905-B7AC-ABA21C1EA43F}.Debug|x64.Build.0 = Debug|Any CPU
		{B2F6B8E2-CBD0-4905-B7AC-ABA21C1EA43F}.Debug|x86.ActiveCfg = Debug|Any CPU
		{B2F6B8E2-CBD0-4905-B7AC-ABA21C1EA43F}.Debug|x86.Build.0 = Debug|Any CPU
		{B2F6B8E2-CBD0-4905-B7AC-ABA21C1EA43F}.Release|Any CPU.ActiveCfg = Release|Any CPU
		{B2F6B8E2-CBD0-4905-B7AC-ABA21C1EA43F}.Release|Any CPU.Build.0 = Release|Any CPU
		{B2F6B8E2-CBD0-4905-B7AC-ABA21C1EA43F}.Release|ARM.ActiveCfg = Release|Any CPU
		{B2F6B8E2-CBD0-4905-B7AC-ABA21C1EA43F}.Release|ARM.Build.0 = Release|Any CPU
		{B2F6B8E2-CBD0-4905-B7AC-ABA21C1EA43F}.Release|iPhone.ActiveCfg = Release|Any CPU
		{B2F6B8E2-CBD0-4905-B7AC-ABA21C1EA43F}.Release|iPhone.Build.0 = Release|Any CPU
		{B2F6B8E2-CBD0-4905-B7AC-ABA21C1EA43F}.Release|iPhoneSimulator.ActiveCfg = Release|Any CPU
		{B2F6B8E2-CBD0-4905-B7AC-ABA21C1EA43F}.Release|iPhoneSimulator.Build.0 = Release|Any CPU
		{B2F6B8E2-CBD0-4905-B7AC-ABA21C1EA43F}.Release|x64.ActiveCfg = Release|Any CPU
		{B2F6B8E2-CBD0-4905-B7AC-ABA21C1EA43F}.Release|x64.Build.0 = Release|Any CPU
		{B2F6B8E2-CBD0-4905-B7AC-ABA21C1EA43F}.Release|x86.ActiveCfg = Release|Any CPU
		{B2F6B8E2-CBD0-4905-B7AC-ABA21C1EA43F}.Release|x86.Build.0 = Release|Any CPU
		{0ACCC876-3190-4446-9EC0-56B345336E27}.Ad-Hoc|Any CPU.ActiveCfg = Release|Any CPU
		{0ACCC876-3190-4446-9EC0-56B345336E27}.Ad-Hoc|Any CPU.Build.0 = Release|Any CPU
		{0ACCC876-3190-4446-9EC0-56B345336E27}.Ad-Hoc|ARM.ActiveCfg = Debug|Any CPU
		{0ACCC876-3190-4446-9EC0-56B345336E27}.Ad-Hoc|ARM.Build.0 = Debug|Any CPU
		{0ACCC876-3190-4446-9EC0-56B345336E27}.Ad-Hoc|iPhone.ActiveCfg = Release|Any CPU
		{0ACCC876-3190-4446-9EC0-56B345336E27}.Ad-Hoc|iPhone.Build.0 = Release|Any CPU
		{0ACCC876-3190-4446-9EC0-56B345336E27}.Ad-Hoc|iPhoneSimulator.ActiveCfg = Release|Any CPU
		{0ACCC876-3190-4446-9EC0-56B345336E27}.Ad-Hoc|iPhoneSimulator.Build.0 = Release|Any CPU
		{0ACCC876-3190-4446-9EC0-56B345336E27}.Ad-Hoc|x64.ActiveCfg = Debug|Any CPU
		{0ACCC876-3190-4446-9EC0-56B345336E27}.Ad-Hoc|x64.Build.0 = Debug|Any CPU
		{0ACCC876-3190-4446-9EC0-56B345336E27}.Ad-Hoc|x86.ActiveCfg = Debug|Any CPU
		{0ACCC876-3190-4446-9EC0-56B345336E27}.Ad-Hoc|x86.Build.0 = Debug|Any CPU
		{0ACCC876-3190-4446-9EC0-56B345336E27}.AppStore|Any CPU.ActiveCfg = Release|Any CPU
		{0ACCC876-3190-4446-9EC0-56B345336E27}.AppStore|Any CPU.Build.0 = Release|Any CPU
		{0ACCC876-3190-4446-9EC0-56B345336E27}.AppStore|ARM.ActiveCfg = Debug|Any CPU
		{0ACCC876-3190-4446-9EC0-56B345336E27}.AppStore|ARM.Build.0 = Debug|Any CPU
		{0ACCC876-3190-4446-9EC0-56B345336E27}.AppStore|iPhone.ActiveCfg = Release|Any CPU
		{0ACCC876-3190-4446-9EC0-56B345336E27}.AppStore|iPhone.Build.0 = Release|Any CPU
		{0ACCC876-3190-4446-9EC0-56B345336E27}.AppStore|iPhoneSimulator.ActiveCfg = Release|Any CPU
		{0ACCC876-3190-4446-9EC0-56B345336E27}.AppStore|iPhoneSimulator.Build.0 = Release|Any CPU
		{0ACCC876-3190-4446-9EC0-56B345336E27}.AppStore|x64.ActiveCfg = Debug|Any CPU
		{0ACCC876-3190-4446-9EC0-56B345336E27}.AppStore|x64.Build.0 = Debug|Any CPU
		{0ACCC876-3190-4446-9EC0-56B345336E27}.AppStore|x86.ActiveCfg = Debug|Any CPU
		{0ACCC876-3190-4446-9EC0-56B345336E27}.AppStore|x86.Build.0 = Debug|Any CPU
		{0ACCC876-3190-4446-9EC0-56B345336E27}.Debug|Any CPU.ActiveCfg = Debug|Any CPU
		{0ACCC876-3190-4446-9EC0-56B345336E27}.Debug|Any CPU.Build.0 = Debug|Any CPU
		{0ACCC876-3190-4446-9EC0-56B345336E27}.Debug|ARM.ActiveCfg = Debug|Any CPU
		{0ACCC876-3190-4446-9EC0-56B345336E27}.Debug|ARM.Build.0 = Debug|Any CPU
		{0ACCC876-3190-4446-9EC0-56B345336E27}.Debug|iPhone.ActiveCfg = Debug|Any CPU
		{0ACCC876-3190-4446-9EC0-56B345336E27}.Debug|iPhone.Build.0 = Debug|Any CPU
		{0ACCC876-3190-4446-9EC0-56B345336E27}.Debug|iPhoneSimulator.ActiveCfg = Debug|Any CPU
		{0ACCC876-3190-4446-9EC0-56B345336E27}.Debug|iPhoneSimulator.Build.0 = Debug|Any CPU
		{0ACCC876-3190-4446-9EC0-56B345336E27}.Debug|x64.ActiveCfg = Debug|Any CPU
		{0ACCC876-3190-4446-9EC0-56B345336E27}.Debug|x64.Build.0 = Debug|Any CPU
		{0ACCC876-3190-4446-9EC0-56B345336E27}.Debug|x86.ActiveCfg = Debug|Any CPU
		{0ACCC876-3190-4446-9EC0-56B345336E27}.Debug|x86.Build.0 = Debug|Any CPU
		{0ACCC876-3190-4446-9EC0-56B345336E27}.Release|Any CPU.ActiveCfg = Release|Any CPU
		{0ACCC876-3190-4446-9EC0-56B345336E27}.Release|Any CPU.Build.0 = Release|Any CPU
		{0ACCC876-3190-4446-9EC0-56B345336E27}.Release|ARM.ActiveCfg = Release|Any CPU
		{0ACCC876-3190-4446-9EC0-56B345336E27}.Release|ARM.Build.0 = Release|Any CPU
		{0ACCC876-3190-4446-9EC0-56B345336E27}.Release|iPhone.ActiveCfg = Release|Any CPU
		{0ACCC876-3190-4446-9EC0-56B345336E27}.Release|iPhone.Build.0 = Release|Any CPU
		{0ACCC876-3190-4446-9EC0-56B345336E27}.Release|iPhoneSimulator.ActiveCfg = Release|Any CPU
		{0ACCC876-3190-4446-9EC0-56B345336E27}.Release|iPhoneSimulator.Build.0 = Release|Any CPU
		{0ACCC876-3190-4446-9EC0-56B345336E27}.Release|x64.ActiveCfg = Release|Any CPU
		{0ACCC876-3190-4446-9EC0-56B345336E27}.Release|x64.Build.0 = Release|Any CPU
		{0ACCC876-3190-4446-9EC0-56B345336E27}.Release|x86.ActiveCfg = Release|Any CPU
		{0ACCC876-3190-4446-9EC0-56B345336E27}.Release|x86.Build.0 = Release|Any CPU
		{7031F021-BDB8-4747-A4AC-351965E095BE}.Ad-Hoc|Any CPU.ActiveCfg = Release|Any CPU
		{7031F021-BDB8-4747-A4AC-351965E095BE}.Ad-Hoc|Any CPU.Build.0 = Release|Any CPU
		{7031F021-BDB8-4747-A4AC-351965E095BE}.Ad-Hoc|ARM.ActiveCfg = Debug|Any CPU
		{7031F021-BDB8-4747-A4AC-351965E095BE}.Ad-Hoc|ARM.Build.0 = Debug|Any CPU
		{7031F021-BDB8-4747-A4AC-351965E095BE}.Ad-Hoc|iPhone.ActiveCfg = Release|Any CPU
		{7031F021-BDB8-4747-A4AC-351965E095BE}.Ad-Hoc|iPhone.Build.0 = Release|Any CPU
		{7031F021-BDB8-4747-A4AC-351965E095BE}.Ad-Hoc|iPhoneSimulator.ActiveCfg = Release|Any CPU
		{7031F021-BDB8-4747-A4AC-351965E095BE}.Ad-Hoc|iPhoneSimulator.Build.0 = Release|Any CPU
		{7031F021-BDB8-4747-A4AC-351965E095BE}.Ad-Hoc|x64.ActiveCfg = Debug|Any CPU
		{7031F021-BDB8-4747-A4AC-351965E095BE}.Ad-Hoc|x64.Build.0 = Debug|Any CPU
		{7031F021-BDB8-4747-A4AC-351965E095BE}.Ad-Hoc|x86.ActiveCfg = Debug|Any CPU
		{7031F021-BDB8-4747-A4AC-351965E095BE}.Ad-Hoc|x86.Build.0 = Debug|Any CPU
		{7031F021-BDB8-4747-A4AC-351965E095BE}.AppStore|Any CPU.ActiveCfg = Release|Any CPU
		{7031F021-BDB8-4747-A4AC-351965E095BE}.AppStore|Any CPU.Build.0 = Release|Any CPU
		{7031F021-BDB8-4747-A4AC-351965E095BE}.AppStore|ARM.ActiveCfg = Debug|Any CPU
		{7031F021-BDB8-4747-A4AC-351965E095BE}.AppStore|ARM.Build.0 = Debug|Any CPU
		{7031F021-BDB8-4747-A4AC-351965E095BE}.AppStore|iPhone.ActiveCfg = Release|Any CPU
		{7031F021-BDB8-4747-A4AC-351965E095BE}.AppStore|iPhone.Build.0 = Release|Any CPU
		{7031F021-BDB8-4747-A4AC-351965E095BE}.AppStore|iPhoneSimulator.ActiveCfg = Release|Any CPU
		{7031F021-BDB8-4747-A4AC-351965E095BE}.AppStore|iPhoneSimulator.Build.0 = Release|Any CPU
		{7031F021-BDB8-4747-A4AC-351965E095BE}.AppStore|x64.ActiveCfg = Debug|Any CPU
		{7031F021-BDB8-4747-A4AC-351965E095BE}.AppStore|x64.Build.0 = Debug|Any CPU
		{7031F021-BDB8-4747-A4AC-351965E095BE}.AppStore|x86.ActiveCfg = Debug|Any CPU
		{7031F021-BDB8-4747-A4AC-351965E095BE}.AppStore|x86.Build.0 = Debug|Any CPU
		{7031F021-BDB8-4747-A4AC-351965E095BE}.Debug|Any CPU.ActiveCfg = Debug|Any CPU
		{7031F021-BDB8-4747-A4AC-351965E095BE}.Debug|Any CPU.Build.0 = Debug|Any CPU
		{7031F021-BDB8-4747-A4AC-351965E095BE}.Debug|ARM.ActiveCfg = Debug|Any CPU
		{7031F021-BDB8-4747-A4AC-351965E095BE}.Debug|ARM.Build.0 = Debug|Any CPU
		{7031F021-BDB8-4747-A4AC-351965E095BE}.Debug|iPhone.ActiveCfg = Debug|Any CPU
		{7031F021-BDB8-4747-A4AC-351965E095BE}.Debug|iPhone.Build.0 = Debug|Any CPU
		{7031F021-BDB8-4747-A4AC-351965E095BE}.Debug|iPhoneSimulator.ActiveCfg = Debug|Any CPU
		{7031F021-BDB8-4747-A4AC-351965E095BE}.Debug|iPhoneSimulator.Build.0 = Debug|Any CPU
		{7031F021-BDB8-4747-A4AC-351965E095BE}.Debug|x64.ActiveCfg = Debug|Any CPU
		{7031F021-BDB8-4747-A4AC-351965E095BE}.Debug|x64.Build.0 = Debug|Any CPU
		{7031F021-BDB8-4747-A4AC-351965E095BE}.Debug|x86.ActiveCfg = Debug|Any CPU
		{7031F021-BDB8-4747-A4AC-351965E095BE}.Debug|x86.Build.0 = Debug|Any CPU
		{7031F021-BDB8-4747-A4AC-351965E095BE}.Release|Any CPU.ActiveCfg = Release|Any CPU
		{7031F021-BDB8-4747-A4AC-351965E095BE}.Release|Any CPU.Build.0 = Release|Any CPU
		{7031F021-BDB8-4747-A4AC-351965E095BE}.Release|ARM.ActiveCfg = Release|Any CPU
		{7031F021-BDB8-4747-A4AC-351965E095BE}.Release|ARM.Build.0 = Release|Any CPU
		{7031F021-BDB8-4747-A4AC-351965E095BE}.Release|iPhone.ActiveCfg = Release|Any CPU
		{7031F021-BDB8-4747-A4AC-351965E095BE}.Release|iPhone.Build.0 = Release|Any CPU
		{7031F021-BDB8-4747-A4AC-351965E095BE}.Release|iPhoneSimulator.ActiveCfg = Release|Any CPU
		{7031F021-BDB8-4747-A4AC-351965E095BE}.Release|iPhoneSimulator.Build.0 = Release|Any CPU
		{7031F021-BDB8-4747-A4AC-351965E095BE}.Release|x64.ActiveCfg = Release|Any CPU
		{7031F021-BDB8-4747-A4AC-351965E095BE}.Release|x64.Build.0 = Release|Any CPU
		{7031F021-BDB8-4747-A4AC-351965E095BE}.Release|x86.ActiveCfg = Release|Any CPU
		{7031F021-BDB8-4747-A4AC-351965E095BE}.Release|x86.Build.0 = Release|Any CPU
		{266F8EB0-08AC-4940-815B-8F20EBF923BB}.Ad-Hoc|Any CPU.ActiveCfg = Release|Any CPU
		{266F8EB0-08AC-4940-815B-8F20EBF923BB}.Ad-Hoc|Any CPU.Build.0 = Release|Any CPU
		{266F8EB0-08AC-4940-815B-8F20EBF923BB}.Ad-Hoc|Any CPU.Deploy.0 = Release|Any CPU
		{266F8EB0-08AC-4940-815B-8F20EBF923BB}.Ad-Hoc|ARM.ActiveCfg = Debug|Any CPU
		{266F8EB0-08AC-4940-815B-8F20EBF923BB}.Ad-Hoc|ARM.Build.0 = Debug|Any CPU
		{266F8EB0-08AC-4940-815B-8F20EBF923BB}.Ad-Hoc|ARM.Deploy.0 = Debug|Any CPU
		{266F8EB0-08AC-4940-815B-8F20EBF923BB}.Ad-Hoc|iPhone.ActiveCfg = Release|Any CPU
		{266F8EB0-08AC-4940-815B-8F20EBF923BB}.Ad-Hoc|iPhone.Build.0 = Release|Any CPU
		{266F8EB0-08AC-4940-815B-8F20EBF923BB}.Ad-Hoc|iPhone.Deploy.0 = Release|Any CPU
		{266F8EB0-08AC-4940-815B-8F20EBF923BB}.Ad-Hoc|iPhoneSimulator.ActiveCfg = Release|Any CPU
		{266F8EB0-08AC-4940-815B-8F20EBF923BB}.Ad-Hoc|iPhoneSimulator.Build.0 = Release|Any CPU
		{266F8EB0-08AC-4940-815B-8F20EBF923BB}.Ad-Hoc|iPhoneSimulator.Deploy.0 = Release|Any CPU
		{266F8EB0-08AC-4940-815B-8F20EBF923BB}.Ad-Hoc|x64.ActiveCfg = Debug|Any CPU
		{266F8EB0-08AC-4940-815B-8F20EBF923BB}.Ad-Hoc|x64.Build.0 = Debug|Any CPU
		{266F8EB0-08AC-4940-815B-8F20EBF923BB}.Ad-Hoc|x64.Deploy.0 = Debug|Any CPU
		{266F8EB0-08AC-4940-815B-8F20EBF923BB}.Ad-Hoc|x86.ActiveCfg = Debug|Any CPU
		{266F8EB0-08AC-4940-815B-8F20EBF923BB}.Ad-Hoc|x86.Build.0 = Debug|Any CPU
		{266F8EB0-08AC-4940-815B-8F20EBF923BB}.Ad-Hoc|x86.Deploy.0 = Debug|Any CPU
		{266F8EB0-08AC-4940-815B-8F20EBF923BB}.AppStore|Any CPU.ActiveCfg = Release|Any CPU
		{266F8EB0-08AC-4940-815B-8F20EBF923BB}.AppStore|Any CPU.Build.0 = Release|Any CPU
		{266F8EB0-08AC-4940-815B-8F20EBF923BB}.AppStore|Any CPU.Deploy.0 = Release|Any CPU
		{266F8EB0-08AC-4940-815B-8F20EBF923BB}.AppStore|ARM.ActiveCfg = Debug|Any CPU
		{266F8EB0-08AC-4940-815B-8F20EBF923BB}.AppStore|ARM.Build.0 = Debug|Any CPU
		{266F8EB0-08AC-4940-815B-8F20EBF923BB}.AppStore|ARM.Deploy.0 = Debug|Any CPU
		{266F8EB0-08AC-4940-815B-8F20EBF923BB}.AppStore|iPhone.ActiveCfg = Release|Any CPU
		{266F8EB0-08AC-4940-815B-8F20EBF923BB}.AppStore|iPhone.Build.0 = Release|Any CPU
		{266F8EB0-08AC-4940-815B-8F20EBF923BB}.AppStore|iPhone.Deploy.0 = Release|Any CPU
		{266F8EB0-08AC-4940-815B-8F20EBF923BB}.AppStore|iPhoneSimulator.ActiveCfg = Release|Any CPU
		{266F8EB0-08AC-4940-815B-8F20EBF923BB}.AppStore|iPhoneSimulator.Build.0 = Release|Any CPU
		{266F8EB0-08AC-4940-815B-8F20EBF923BB}.AppStore|iPhoneSimulator.Deploy.0 = Release|Any CPU
		{266F8EB0-08AC-4940-815B-8F20EBF923BB}.AppStore|x64.ActiveCfg = Debug|Any CPU
		{266F8EB0-08AC-4940-815B-8F20EBF923BB}.AppStore|x64.Build.0 = Debug|Any CPU
		{266F8EB0-08AC-4940-815B-8F20EBF923BB}.AppStore|x64.Deploy.0 = Debug|Any CPU
		{266F8EB0-08AC-4940-815B-8F20EBF923BB}.AppStore|x86.ActiveCfg = Debug|Any CPU
		{266F8EB0-08AC-4940-815B-8F20EBF923BB}.AppStore|x86.Build.0 = Debug|Any CPU
		{266F8EB0-08AC-4940-815B-8F20EBF923BB}.AppStore|x86.Deploy.0 = Debug|Any CPU
		{266F8EB0-08AC-4940-815B-8F20EBF923BB}.Debug|Any CPU.ActiveCfg = Debug|Any CPU
		{266F8EB0-08AC-4940-815B-8F20EBF923BB}.Debug|Any CPU.Build.0 = Debug|Any CPU
		{266F8EB0-08AC-4940-815B-8F20EBF923BB}.Debug|Any CPU.Deploy.0 = Debug|Any CPU
		{266F8EB0-08AC-4940-815B-8F20EBF923BB}.Debug|ARM.ActiveCfg = Debug|Any CPU
		{266F8EB0-08AC-4940-815B-8F20EBF923BB}.Debug|ARM.Build.0 = Debug|Any CPU
		{266F8EB0-08AC-4940-815B-8F20EBF923BB}.Debug|ARM.Deploy.0 = Debug|Any CPU
		{266F8EB0-08AC-4940-815B-8F20EBF923BB}.Debug|iPhone.ActiveCfg = Debug|Any CPU
		{266F8EB0-08AC-4940-815B-8F20EBF923BB}.Debug|iPhone.Build.0 = Debug|Any CPU
		{266F8EB0-08AC-4940-815B-8F20EBF923BB}.Debug|iPhone.Deploy.0 = Debug|Any CPU
		{266F8EB0-08AC-4940-815B-8F20EBF923BB}.Debug|iPhoneSimulator.ActiveCfg = Debug|Any CPU
		{266F8EB0-08AC-4940-815B-8F20EBF923BB}.Debug|iPhoneSimulator.Build.0 = Debug|Any CPU
		{266F8EB0-08AC-4940-815B-8F20EBF923BB}.Debug|iPhoneSimulator.Deploy.0 = Debug|Any CPU
		{266F8EB0-08AC-4940-815B-8F20EBF923BB}.Debug|x64.ActiveCfg = Debug|Any CPU
		{266F8EB0-08AC-4940-815B-8F20EBF923BB}.Debug|x64.Build.0 = Debug|Any CPU
		{266F8EB0-08AC-4940-815B-8F20EBF923BB}.Debug|x64.Deploy.0 = Debug|Any CPU
		{266F8EB0-08AC-4940-815B-8F20EBF923BB}.Debug|x86.ActiveCfg = Debug|Any CPU
		{266F8EB0-08AC-4940-815B-8F20EBF923BB}.Debug|x86.Build.0 = Debug|Any CPU
		{266F8EB0-08AC-4940-815B-8F20EBF923BB}.Debug|x86.Deploy.0 = Debug|Any CPU
		{266F8EB0-08AC-4940-815B-8F20EBF923BB}.Release|Any CPU.ActiveCfg = Release|Any CPU
		{266F8EB0-08AC-4940-815B-8F20EBF923BB}.Release|Any CPU.Build.0 = Release|Any CPU
		{266F8EB0-08AC-4940-815B-8F20EBF923BB}.Release|Any CPU.Deploy.0 = Release|Any CPU
		{266F8EB0-08AC-4940-815B-8F20EBF923BB}.Release|ARM.ActiveCfg = Release|Any CPU
		{266F8EB0-08AC-4940-815B-8F20EBF923BB}.Release|ARM.Build.0 = Release|Any CPU
		{266F8EB0-08AC-4940-815B-8F20EBF923BB}.Release|ARM.Deploy.0 = Release|Any CPU
		{266F8EB0-08AC-4940-815B-8F20EBF923BB}.Release|iPhone.ActiveCfg = Release|Any CPU
		{266F8EB0-08AC-4940-815B-8F20EBF923BB}.Release|iPhone.Build.0 = Release|Any CPU
		{266F8EB0-08AC-4940-815B-8F20EBF923BB}.Release|iPhone.Deploy.0 = Release|Any CPU
		{266F8EB0-08AC-4940-815B-8F20EBF923BB}.Release|iPhoneSimulator.ActiveCfg = Release|Any CPU
		{266F8EB0-08AC-4940-815B-8F20EBF923BB}.Release|iPhoneSimulator.Build.0 = Release|Any CPU
		{266F8EB0-08AC-4940-815B-8F20EBF923BB}.Release|iPhoneSimulator.Deploy.0 = Release|Any CPU
		{266F8EB0-08AC-4940-815B-8F20EBF923BB}.Release|x64.ActiveCfg = Release|Any CPU
		{266F8EB0-08AC-4940-815B-8F20EBF923BB}.Release|x64.Build.0 = Release|Any CPU
		{266F8EB0-08AC-4940-815B-8F20EBF923BB}.Release|x64.Deploy.0 = Release|Any CPU
		{266F8EB0-08AC-4940-815B-8F20EBF923BB}.Release|x86.ActiveCfg = Release|Any CPU
		{266F8EB0-08AC-4940-815B-8F20EBF923BB}.Release|x86.Build.0 = Release|Any CPU
		{266F8EB0-08AC-4940-815B-8F20EBF923BB}.Release|x86.Deploy.0 = Release|Any CPU
		{EA9CF3D2-41AF-4A0B-8EC8-4A84B4F3889A}.Ad-Hoc|Any CPU.ActiveCfg = Ad-Hoc|iPhone
		{EA9CF3D2-41AF-4A0B-8EC8-4A84B4F3889A}.Ad-Hoc|ARM.ActiveCfg = Ad-Hoc|iPhoneSimulator
		{EA9CF3D2-41AF-4A0B-8EC8-4A84B4F3889A}.Ad-Hoc|iPhone.ActiveCfg = Ad-Hoc|iPhone
		{EA9CF3D2-41AF-4A0B-8EC8-4A84B4F3889A}.Ad-Hoc|iPhone.Build.0 = Ad-Hoc|iPhone
		{EA9CF3D2-41AF-4A0B-8EC8-4A84B4F3889A}.Ad-Hoc|iPhoneSimulator.ActiveCfg = Ad-Hoc|iPhoneSimulator
		{EA9CF3D2-41AF-4A0B-8EC8-4A84B4F3889A}.Ad-Hoc|iPhoneSimulator.Build.0 = Ad-Hoc|iPhoneSimulator
		{EA9CF3D2-41AF-4A0B-8EC8-4A84B4F3889A}.Ad-Hoc|x64.ActiveCfg = Ad-Hoc|iPhoneSimulator
		{EA9CF3D2-41AF-4A0B-8EC8-4A84B4F3889A}.Ad-Hoc|x86.ActiveCfg = Ad-Hoc|iPhoneSimulator
		{EA9CF3D2-41AF-4A0B-8EC8-4A84B4F3889A}.AppStore|Any CPU.ActiveCfg = AppStore|iPhone
		{EA9CF3D2-41AF-4A0B-8EC8-4A84B4F3889A}.AppStore|ARM.ActiveCfg = AppStore|iPhoneSimulator
		{EA9CF3D2-41AF-4A0B-8EC8-4A84B4F3889A}.AppStore|iPhone.ActiveCfg = AppStore|iPhone
		{EA9CF3D2-41AF-4A0B-8EC8-4A84B4F3889A}.AppStore|iPhone.Build.0 = AppStore|iPhone
		{EA9CF3D2-41AF-4A0B-8EC8-4A84B4F3889A}.AppStore|iPhoneSimulator.ActiveCfg = AppStore|iPhoneSimulator
		{EA9CF3D2-41AF-4A0B-8EC8-4A84B4F3889A}.AppStore|iPhoneSimulator.Build.0 = AppStore|iPhoneSimulator
		{EA9CF3D2-41AF-4A0B-8EC8-4A84B4F3889A}.AppStore|x64.ActiveCfg = AppStore|iPhoneSimulator
		{EA9CF3D2-41AF-4A0B-8EC8-4A84B4F3889A}.AppStore|x86.ActiveCfg = AppStore|iPhoneSimulator
		{EA9CF3D2-41AF-4A0B-8EC8-4A84B4F3889A}.Debug|Any CPU.ActiveCfg = Debug|iPhoneSimulator
		{EA9CF3D2-41AF-4A0B-8EC8-4A84B4F3889A}.Debug|Any CPU.Build.0 = Debug|iPhoneSimulator
		{EA9CF3D2-41AF-4A0B-8EC8-4A84B4F3889A}.Debug|ARM.ActiveCfg = Debug|iPhoneSimulator
		{EA9CF3D2-41AF-4A0B-8EC8-4A84B4F3889A}.Debug|iPhone.ActiveCfg = Debug|iPhone
		{EA9CF3D2-41AF-4A0B-8EC8-4A84B4F3889A}.Debug|iPhone.Build.0 = Debug|iPhone
		{EA9CF3D2-41AF-4A0B-8EC8-4A84B4F3889A}.Debug|iPhoneSimulator.ActiveCfg = Debug|iPhoneSimulator
		{EA9CF3D2-41AF-4A0B-8EC8-4A84B4F3889A}.Debug|iPhoneSimulator.Build.0 = Debug|iPhoneSimulator
		{EA9CF3D2-41AF-4A0B-8EC8-4A84B4F3889A}.Debug|x64.ActiveCfg = Debug|iPhoneSimulator
		{EA9CF3D2-41AF-4A0B-8EC8-4A84B4F3889A}.Debug|x86.ActiveCfg = Debug|iPhoneSimulator
		{EA9CF3D2-41AF-4A0B-8EC8-4A84B4F3889A}.Release|Any CPU.ActiveCfg = Release|iPhone
		{EA9CF3D2-41AF-4A0B-8EC8-4A84B4F3889A}.Release|ARM.ActiveCfg = Release|iPhoneSimulator
		{EA9CF3D2-41AF-4A0B-8EC8-4A84B4F3889A}.Release|iPhone.ActiveCfg = Release|iPhone
		{EA9CF3D2-41AF-4A0B-8EC8-4A84B4F3889A}.Release|iPhone.Build.0 = Release|iPhone
		{EA9CF3D2-41AF-4A0B-8EC8-4A84B4F3889A}.Release|iPhoneSimulator.ActiveCfg = Release|iPhoneSimulator
		{EA9CF3D2-41AF-4A0B-8EC8-4A84B4F3889A}.Release|iPhoneSimulator.Build.0 = Release|iPhoneSimulator
		{EA9CF3D2-41AF-4A0B-8EC8-4A84B4F3889A}.Release|x64.ActiveCfg = Release|iPhoneSimulator
		{EA9CF3D2-41AF-4A0B-8EC8-4A84B4F3889A}.Release|x86.ActiveCfg = Release|iPhoneSimulator
		{10CAFACA-A3EE-4F01-BB0F-DCACA11B03B4}.Ad-Hoc|Any CPU.ActiveCfg = Release|Any CPU
		{10CAFACA-A3EE-4F01-BB0F-DCACA11B03B4}.Ad-Hoc|Any CPU.Build.0 = Release|Any CPU
		{10CAFACA-A3EE-4F01-BB0F-DCACA11B03B4}.Ad-Hoc|ARM.ActiveCfg = Debug|Any CPU
		{10CAFACA-A3EE-4F01-BB0F-DCACA11B03B4}.Ad-Hoc|ARM.Build.0 = Debug|Any CPU
		{10CAFACA-A3EE-4F01-BB0F-DCACA11B03B4}.Ad-Hoc|iPhone.ActiveCfg = Release|Any CPU
		{10CAFACA-A3EE-4F01-BB0F-DCACA11B03B4}.Ad-Hoc|iPhone.Build.0 = Release|Any CPU
		{10CAFACA-A3EE-4F01-BB0F-DCACA11B03B4}.Ad-Hoc|iPhoneSimulator.ActiveCfg = Release|Any CPU
		{10CAFACA-A3EE-4F01-BB0F-DCACA11B03B4}.Ad-Hoc|iPhoneSimulator.Build.0 = Release|Any CPU
		{10CAFACA-A3EE-4F01-BB0F-DCACA11B03B4}.Ad-Hoc|x64.ActiveCfg = Debug|Any CPU
		{10CAFACA-A3EE-4F01-BB0F-DCACA11B03B4}.Ad-Hoc|x64.Build.0 = Debug|Any CPU
		{10CAFACA-A3EE-4F01-BB0F-DCACA11B03B4}.Ad-Hoc|x86.ActiveCfg = Debug|Any CPU
		{10CAFACA-A3EE-4F01-BB0F-DCACA11B03B4}.Ad-Hoc|x86.Build.0 = Debug|Any CPU
		{10CAFACA-A3EE-4F01-BB0F-DCACA11B03B4}.AppStore|Any CPU.ActiveCfg = Release|Any CPU
		{10CAFACA-A3EE-4F01-BB0F-DCACA11B03B4}.AppStore|Any CPU.Build.0 = Release|Any CPU
		{10CAFACA-A3EE-4F01-BB0F-DCACA11B03B4}.AppStore|ARM.ActiveCfg = Debug|Any CPU
		{10CAFACA-A3EE-4F01-BB0F-DCACA11B03B4}.AppStore|ARM.Build.0 = Debug|Any CPU
		{10CAFACA-A3EE-4F01-BB0F-DCACA11B03B4}.AppStore|iPhone.ActiveCfg = Release|Any CPU
		{10CAFACA-A3EE-4F01-BB0F-DCACA11B03B4}.AppStore|iPhone.Build.0 = Release|Any CPU
		{10CAFACA-A3EE-4F01-BB0F-DCACA11B03B4}.AppStore|iPhoneSimulator.ActiveCfg = Release|Any CPU
		{10CAFACA-A3EE-4F01-BB0F-DCACA11B03B4}.AppStore|iPhoneSimulator.Build.0 = Release|Any CPU
		{10CAFACA-A3EE-4F01-BB0F-DCACA11B03B4}.AppStore|x64.ActiveCfg = Debug|Any CPU
		{10CAFACA-A3EE-4F01-BB0F-DCACA11B03B4}.AppStore|x64.Build.0 = Debug|Any CPU
		{10CAFACA-A3EE-4F01-BB0F-DCACA11B03B4}.AppStore|x86.ActiveCfg = Debug|Any CPU
		{10CAFACA-A3EE-4F01-BB0F-DCACA11B03B4}.AppStore|x86.Build.0 = Debug|Any CPU
		{10CAFACA-A3EE-4F01-BB0F-DCACA11B03B4}.Debug|Any CPU.ActiveCfg = Debug|Any CPU
		{10CAFACA-A3EE-4F01-BB0F-DCACA11B03B4}.Debug|Any CPU.Build.0 = Debug|Any CPU
		{10CAFACA-A3EE-4F01-BB0F-DCACA11B03B4}.Debug|ARM.ActiveCfg = Debug|Any CPU
		{10CAFACA-A3EE-4F01-BB0F-DCACA11B03B4}.Debug|ARM.Build.0 = Debug|Any CPU
		{10CAFACA-A3EE-4F01-BB0F-DCACA11B03B4}.Debug|iPhone.ActiveCfg = Debug|Any CPU
		{10CAFACA-A3EE-4F01-BB0F-DCACA11B03B4}.Debug|iPhone.Build.0 = Debug|Any CPU
		{10CAFACA-A3EE-4F01-BB0F-DCACA11B03B4}.Debug|iPhoneSimulator.ActiveCfg = Debug|Any CPU
		{10CAFACA-A3EE-4F01-BB0F-DCACA11B03B4}.Debug|iPhoneSimulator.Build.0 = Debug|Any CPU
		{10CAFACA-A3EE-4F01-BB0F-DCACA11B03B4}.Debug|x64.ActiveCfg = Debug|Any CPU
		{10CAFACA-A3EE-4F01-BB0F-DCACA11B03B4}.Debug|x64.Build.0 = Debug|Any CPU
		{10CAFACA-A3EE-4F01-BB0F-DCACA11B03B4}.Debug|x86.ActiveCfg = Debug|Any CPU
		{10CAFACA-A3EE-4F01-BB0F-DCACA11B03B4}.Debug|x86.Build.0 = Debug|Any CPU
		{10CAFACA-A3EE-4F01-BB0F-DCACA11B03B4}.Release|Any CPU.ActiveCfg = Release|Any CPU
		{10CAFACA-A3EE-4F01-BB0F-DCACA11B03B4}.Release|Any CPU.Build.0 = Release|Any CPU
		{10CAFACA-A3EE-4F01-BB0F-DCACA11B03B4}.Release|ARM.ActiveCfg = Release|Any CPU
		{10CAFACA-A3EE-4F01-BB0F-DCACA11B03B4}.Release|ARM.Build.0 = Release|Any CPU
		{10CAFACA-A3EE-4F01-BB0F-DCACA11B03B4}.Release|iPhone.ActiveCfg = Release|Any CPU
		{10CAFACA-A3EE-4F01-BB0F-DCACA11B03B4}.Release|iPhone.Build.0 = Release|Any CPU
		{10CAFACA-A3EE-4F01-BB0F-DCACA11B03B4}.Release|iPhoneSimulator.ActiveCfg = Release|Any CPU
		{10CAFACA-A3EE-4F01-BB0F-DCACA11B03B4}.Release|iPhoneSimulator.Build.0 = Release|Any CPU
		{10CAFACA-A3EE-4F01-BB0F-DCACA11B03B4}.Release|x64.ActiveCfg = Release|Any CPU
		{10CAFACA-A3EE-4F01-BB0F-DCACA11B03B4}.Release|x64.Build.0 = Release|Any CPU
		{10CAFACA-A3EE-4F01-BB0F-DCACA11B03B4}.Release|x86.ActiveCfg = Release|Any CPU
		{10CAFACA-A3EE-4F01-BB0F-DCACA11B03B4}.Release|x86.Build.0 = Release|Any CPU
		{D03A827E-58D8-40CA-83F2-F75BBFF7C48B}.Ad-Hoc|Any CPU.ActiveCfg = Release|x64
		{D03A827E-58D8-40CA-83F2-F75BBFF7C48B}.Ad-Hoc|Any CPU.Build.0 = Release|x64
		{D03A827E-58D8-40CA-83F2-F75BBFF7C48B}.Ad-Hoc|Any CPU.Deploy.0 = Release|x64
		{D03A827E-58D8-40CA-83F2-F75BBFF7C48B}.Ad-Hoc|ARM.ActiveCfg = Release|ARM
		{D03A827E-58D8-40CA-83F2-F75BBFF7C48B}.Ad-Hoc|ARM.Build.0 = Release|ARM
		{D03A827E-58D8-40CA-83F2-F75BBFF7C48B}.Ad-Hoc|ARM.Deploy.0 = Release|ARM
		{D03A827E-58D8-40CA-83F2-F75BBFF7C48B}.Ad-Hoc|iPhone.ActiveCfg = Release|x64
		{D03A827E-58D8-40CA-83F2-F75BBFF7C48B}.Ad-Hoc|iPhone.Build.0 = Release|x64
		{D03A827E-58D8-40CA-83F2-F75BBFF7C48B}.Ad-Hoc|iPhone.Deploy.0 = Release|x64
		{D03A827E-58D8-40CA-83F2-F75BBFF7C48B}.Ad-Hoc|iPhoneSimulator.ActiveCfg = Release|x64
		{D03A827E-58D8-40CA-83F2-F75BBFF7C48B}.Ad-Hoc|iPhoneSimulator.Build.0 = Release|x64
		{D03A827E-58D8-40CA-83F2-F75BBFF7C48B}.Ad-Hoc|iPhoneSimulator.Deploy.0 = Release|x64
		{D03A827E-58D8-40CA-83F2-F75BBFF7C48B}.Ad-Hoc|x64.ActiveCfg = Release|x64
		{D03A827E-58D8-40CA-83F2-F75BBFF7C48B}.Ad-Hoc|x64.Build.0 = Release|x64
		{D03A827E-58D8-40CA-83F2-F75BBFF7C48B}.Ad-Hoc|x64.Deploy.0 = Release|x64
		{D03A827E-58D8-40CA-83F2-F75BBFF7C48B}.Ad-Hoc|x86.ActiveCfg = Release|x86
		{D03A827E-58D8-40CA-83F2-F75BBFF7C48B}.Ad-Hoc|x86.Build.0 = Release|x86
		{D03A827E-58D8-40CA-83F2-F75BBFF7C48B}.Ad-Hoc|x86.Deploy.0 = Release|x86
		{D03A827E-58D8-40CA-83F2-F75BBFF7C48B}.AppStore|Any CPU.ActiveCfg = Release|x64
		{D03A827E-58D8-40CA-83F2-F75BBFF7C48B}.AppStore|Any CPU.Build.0 = Release|x64
		{D03A827E-58D8-40CA-83F2-F75BBFF7C48B}.AppStore|Any CPU.Deploy.0 = Release|x64
		{D03A827E-58D8-40CA-83F2-F75BBFF7C48B}.AppStore|ARM.ActiveCfg = Release|ARM
		{D03A827E-58D8-40CA-83F2-F75BBFF7C48B}.AppStore|ARM.Build.0 = Release|ARM
		{D03A827E-58D8-40CA-83F2-F75BBFF7C48B}.AppStore|ARM.Deploy.0 = Release|ARM
		{D03A827E-58D8-40CA-83F2-F75BBFF7C48B}.AppStore|iPhone.ActiveCfg = Release|x64
		{D03A827E-58D8-40CA-83F2-F75BBFF7C48B}.AppStore|iPhone.Build.0 = Release|x64
		{D03A827E-58D8-40CA-83F2-F75BBFF7C48B}.AppStore|iPhone.Deploy.0 = Release|x64
		{D03A827E-58D8-40CA-83F2-F75BBFF7C48B}.AppStore|iPhoneSimulator.ActiveCfg = Release|x64
		{D03A827E-58D8-40CA-83F2-F75BBFF7C48B}.AppStore|iPhoneSimulator.Build.0 = Release|x64
		{D03A827E-58D8-40CA-83F2-F75BBFF7C48B}.AppStore|iPhoneSimulator.Deploy.0 = Release|x64
		{D03A827E-58D8-40CA-83F2-F75BBFF7C48B}.AppStore|x64.ActiveCfg = Release|x64
		{D03A827E-58D8-40CA-83F2-F75BBFF7C48B}.AppStore|x64.Build.0 = Release|x64
		{D03A827E-58D8-40CA-83F2-F75BBFF7C48B}.AppStore|x64.Deploy.0 = Release|x64
		{D03A827E-58D8-40CA-83F2-F75BBFF7C48B}.AppStore|x86.ActiveCfg = Release|x86
		{D03A827E-58D8-40CA-83F2-F75BBFF7C48B}.AppStore|x86.Build.0 = Release|x86
		{D03A827E-58D8-40CA-83F2-F75BBFF7C48B}.AppStore|x86.Deploy.0 = Release|x86
		{D03A827E-58D8-40CA-83F2-F75BBFF7C48B}.Debug|Any CPU.ActiveCfg = Debug|x86
		{D03A827E-58D8-40CA-83F2-F75BBFF7C48B}.Debug|Any CPU.Build.0 = Debug|x86
		{D03A827E-58D8-40CA-83F2-F75BBFF7C48B}.Debug|ARM.ActiveCfg = Debug|ARM
		{D03A827E-58D8-40CA-83F2-F75BBFF7C48B}.Debug|ARM.Build.0 = Debug|ARM
		{D03A827E-58D8-40CA-83F2-F75BBFF7C48B}.Debug|ARM.Deploy.0 = Debug|ARM
		{D03A827E-58D8-40CA-83F2-F75BBFF7C48B}.Debug|iPhone.ActiveCfg = Debug|x86
		{D03A827E-58D8-40CA-83F2-F75BBFF7C48B}.Debug|iPhoneSimulator.ActiveCfg = Debug|x86
		{D03A827E-58D8-40CA-83F2-F75BBFF7C48B}.Debug|x64.ActiveCfg = Debug|x64
		{D03A827E-58D8-40CA-83F2-F75BBFF7C48B}.Debug|x64.Build.0 = Debug|x64
		{D03A827E-58D8-40CA-83F2-F75BBFF7C48B}.Debug|x64.Deploy.0 = Debug|x64
		{D03A827E-58D8-40CA-83F2-F75BBFF7C48B}.Debug|x86.ActiveCfg = Debug|x86
		{D03A827E-58D8-40CA-83F2-F75BBFF7C48B}.Debug|x86.Build.0 = Debug|x86
		{D03A827E-58D8-40CA-83F2-F75BBFF7C48B}.Debug|x86.Deploy.0 = Debug|x86
		{D03A827E-58D8-40CA-83F2-F75BBFF7C48B}.Release|Any CPU.ActiveCfg = Release|x86
		{D03A827E-58D8-40CA-83F2-F75BBFF7C48B}.Release|ARM.ActiveCfg = Release|ARM
		{D03A827E-58D8-40CA-83F2-F75BBFF7C48B}.Release|ARM.Build.0 = Release|ARM
		{D03A827E-58D8-40CA-83F2-F75BBFF7C48B}.Release|ARM.Deploy.0 = Release|ARM
		{D03A827E-58D8-40CA-83F2-F75BBFF7C48B}.Release|iPhone.ActiveCfg = Release|x86
		{D03A827E-58D8-40CA-83F2-F75BBFF7C48B}.Release|iPhoneSimulator.ActiveCfg = Release|x86
		{D03A827E-58D8-40CA-83F2-F75BBFF7C48B}.Release|x64.ActiveCfg = Release|x64
		{D03A827E-58D8-40CA-83F2-F75BBFF7C48B}.Release|x64.Build.0 = Release|x64
		{D03A827E-58D8-40CA-83F2-F75BBFF7C48B}.Release|x64.Deploy.0 = Release|x64
		{D03A827E-58D8-40CA-83F2-F75BBFF7C48B}.Release|x86.ActiveCfg = Release|x86
		{D03A827E-58D8-40CA-83F2-F75BBFF7C48B}.Release|x86.Build.0 = Release|x86
		{D03A827E-58D8-40CA-83F2-F75BBFF7C48B}.Release|x86.Deploy.0 = Release|x86
		{E0F2BEC5-0EF2-48D8-9D2D-BCD1B6FD38A3}.Ad-Hoc|Any CPU.ActiveCfg = Release|x64
		{E0F2BEC5-0EF2-48D8-9D2D-BCD1B6FD38A3}.Ad-Hoc|Any CPU.Build.0 = Release|x64
		{E0F2BEC5-0EF2-48D8-9D2D-BCD1B6FD38A3}.Ad-Hoc|Any CPU.Deploy.0 = Release|x64
		{E0F2BEC5-0EF2-48D8-9D2D-BCD1B6FD38A3}.Ad-Hoc|ARM.ActiveCfg = Release|ARM
		{E0F2BEC5-0EF2-48D8-9D2D-BCD1B6FD38A3}.Ad-Hoc|ARM.Build.0 = Release|ARM
		{E0F2BEC5-0EF2-48D8-9D2D-BCD1B6FD38A3}.Ad-Hoc|ARM.Deploy.0 = Release|ARM
		{E0F2BEC5-0EF2-48D8-9D2D-BCD1B6FD38A3}.Ad-Hoc|iPhone.ActiveCfg = Release|x64
		{E0F2BEC5-0EF2-48D8-9D2D-BCD1B6FD38A3}.Ad-Hoc|iPhone.Build.0 = Release|x64
		{E0F2BEC5-0EF2-48D8-9D2D-BCD1B6FD38A3}.Ad-Hoc|iPhone.Deploy.0 = Release|x64
		{E0F2BEC5-0EF2-48D8-9D2D-BCD1B6FD38A3}.Ad-Hoc|iPhoneSimulator.ActiveCfg = Release|x64
		{E0F2BEC5-0EF2-48D8-9D2D-BCD1B6FD38A3}.Ad-Hoc|iPhoneSimulator.Build.0 = Release|x64
		{E0F2BEC5-0EF2-48D8-9D2D-BCD1B6FD38A3}.Ad-Hoc|iPhoneSimulator.Deploy.0 = Release|x64
		{E0F2BEC5-0EF2-48D8-9D2D-BCD1B6FD38A3}.Ad-Hoc|x64.ActiveCfg = Release|x64
		{E0F2BEC5-0EF2-48D8-9D2D-BCD1B6FD38A3}.Ad-Hoc|x64.Build.0 = Release|x64
		{E0F2BEC5-0EF2-48D8-9D2D-BCD1B6FD38A3}.Ad-Hoc|x64.Deploy.0 = Release|x64
		{E0F2BEC5-0EF2-48D8-9D2D-BCD1B6FD38A3}.Ad-Hoc|x86.ActiveCfg = Release|x86
		{E0F2BEC5-0EF2-48D8-9D2D-BCD1B6FD38A3}.Ad-Hoc|x86.Build.0 = Release|x86
		{E0F2BEC5-0EF2-48D8-9D2D-BCD1B6FD38A3}.Ad-Hoc|x86.Deploy.0 = Release|x86
		{E0F2BEC5-0EF2-48D8-9D2D-BCD1B6FD38A3}.AppStore|Any CPU.ActiveCfg = Release|x64
		{E0F2BEC5-0EF2-48D8-9D2D-BCD1B6FD38A3}.AppStore|Any CPU.Build.0 = Release|x64
		{E0F2BEC5-0EF2-48D8-9D2D-BCD1B6FD38A3}.AppStore|Any CPU.Deploy.0 = Release|x64
		{E0F2BEC5-0EF2-48D8-9D2D-BCD1B6FD38A3}.AppStore|ARM.ActiveCfg = Release|ARM
		{E0F2BEC5-0EF2-48D8-9D2D-BCD1B6FD38A3}.AppStore|ARM.Build.0 = Release|ARM
		{E0F2BEC5-0EF2-48D8-9D2D-BCD1B6FD38A3}.AppStore|ARM.Deploy.0 = Release|ARM
		{E0F2BEC5-0EF2-48D8-9D2D-BCD1B6FD38A3}.AppStore|iPhone.ActiveCfg = Release|x64
		{E0F2BEC5-0EF2-48D8-9D2D-BCD1B6FD38A3}.AppStore|iPhone.Build.0 = Release|x64
		{E0F2BEC5-0EF2-48D8-9D2D-BCD1B6FD38A3}.AppStore|iPhone.Deploy.0 = Release|x64
		{E0F2BEC5-0EF2-48D8-9D2D-BCD1B6FD38A3}.AppStore|iPhoneSimulator.ActiveCfg = Release|x64
		{E0F2BEC5-0EF2-48D8-9D2D-BCD1B6FD38A3}.AppStore|iPhoneSimulator.Build.0 = Release|x64
		{E0F2BEC5-0EF2-48D8-9D2D-BCD1B6FD38A3}.AppStore|iPhoneSimulator.Deploy.0 = Release|x64
		{E0F2BEC5-0EF2-48D8-9D2D-BCD1B6FD38A3}.AppStore|x64.ActiveCfg = Release|x64
		{E0F2BEC5-0EF2-48D8-9D2D-BCD1B6FD38A3}.AppStore|x64.Build.0 = Release|x64
		{E0F2BEC5-0EF2-48D8-9D2D-BCD1B6FD38A3}.AppStore|x64.Deploy.0 = Release|x64
		{E0F2BEC5-0EF2-48D8-9D2D-BCD1B6FD38A3}.AppStore|x86.ActiveCfg = Release|x86
		{E0F2BEC5-0EF2-48D8-9D2D-BCD1B6FD38A3}.AppStore|x86.Build.0 = Release|x86
		{E0F2BEC5-0EF2-48D8-9D2D-BCD1B6FD38A3}.AppStore|x86.Deploy.0 = Release|x86
		{E0F2BEC5-0EF2-48D8-9D2D-BCD1B6FD38A3}.Debug|Any CPU.ActiveCfg = Debug|x86
		{E0F2BEC5-0EF2-48D8-9D2D-BCD1B6FD38A3}.Debug|ARM.ActiveCfg = Debug|ARM
		{E0F2BEC5-0EF2-48D8-9D2D-BCD1B6FD38A3}.Debug|ARM.Build.0 = Debug|ARM
		{E0F2BEC5-0EF2-48D8-9D2D-BCD1B6FD38A3}.Debug|ARM.Deploy.0 = Debug|ARM
		{E0F2BEC5-0EF2-48D8-9D2D-BCD1B6FD38A3}.Debug|iPhone.ActiveCfg = Debug|x86
		{E0F2BEC5-0EF2-48D8-9D2D-BCD1B6FD38A3}.Debug|iPhoneSimulator.ActiveCfg = Debug|x86
		{E0F2BEC5-0EF2-48D8-9D2D-BCD1B6FD38A3}.Debug|x64.ActiveCfg = Debug|x64
		{E0F2BEC5-0EF2-48D8-9D2D-BCD1B6FD38A3}.Debug|x64.Build.0 = Debug|x64
		{E0F2BEC5-0EF2-48D8-9D2D-BCD1B6FD38A3}.Debug|x64.Deploy.0 = Debug|x64
		{E0F2BEC5-0EF2-48D8-9D2D-BCD1B6FD38A3}.Debug|x86.ActiveCfg = Debug|x86
		{E0F2BEC5-0EF2-48D8-9D2D-BCD1B6FD38A3}.Debug|x86.Build.0 = Debug|x86
		{E0F2BEC5-0EF2-48D8-9D2D-BCD1B6FD38A3}.Debug|x86.Deploy.0 = Debug|x86
		{E0F2BEC5-0EF2-48D8-9D2D-BCD1B6FD38A3}.Release|Any CPU.ActiveCfg = Release|x86
		{E0F2BEC5-0EF2-48D8-9D2D-BCD1B6FD38A3}.Release|ARM.ActiveCfg = Release|ARM
		{E0F2BEC5-0EF2-48D8-9D2D-BCD1B6FD38A3}.Release|ARM.Build.0 = Release|ARM
		{E0F2BEC5-0EF2-48D8-9D2D-BCD1B6FD38A3}.Release|ARM.Deploy.0 = Release|ARM
		{E0F2BEC5-0EF2-48D8-9D2D-BCD1B6FD38A3}.Release|iPhone.ActiveCfg = Release|x86
		{E0F2BEC5-0EF2-48D8-9D2D-BCD1B6FD38A3}.Release|iPhoneSimulator.ActiveCfg = Release|x86
		{E0F2BEC5-0EF2-48D8-9D2D-BCD1B6FD38A3}.Release|x64.ActiveCfg = Release|x64
		{E0F2BEC5-0EF2-48D8-9D2D-BCD1B6FD38A3}.Release|x64.Build.0 = Release|x64
		{E0F2BEC5-0EF2-48D8-9D2D-BCD1B6FD38A3}.Release|x64.Deploy.0 = Release|x64
		{E0F2BEC5-0EF2-48D8-9D2D-BCD1B6FD38A3}.Release|x86.ActiveCfg = Release|x86
		{E0F2BEC5-0EF2-48D8-9D2D-BCD1B6FD38A3}.Release|x86.Build.0 = Release|x86
		{E0F2BEC5-0EF2-48D8-9D2D-BCD1B6FD38A3}.Release|x86.Deploy.0 = Release|x86
	EndGlobalSection
	GlobalSection(SolutionProperties) = preSolution
		HideSolutionNode = FALSE
	EndGlobalSection
	GlobalSection(NestedProjects) = preSolution
		{7E1562B6-0FCB-442B-9ECF-424408C01D4D} = {4F6223A4-3D0D-4520-B95B-07E4CD31D807}
		{7EFE11ED-41C9-4396-A45C-DB54A4C46BA8} = {4F6223A4-3D0D-4520-B95B-07E4CD31D807}
		{BF5B6833-E5F5-471C-ADEC-CF668056EA47} = {4F6223A4-3D0D-4520-B95B-07E4CD31D807}
		{6F47C1E9-DABE-47A9-A20D-EAB7F256BB8B} = {4F6223A4-3D0D-4520-B95B-07E4CD31D807}
		{A39E9DF9-2DFE-4CB8-BA0C-096C8EFD67D8} = {4F6223A4-3D0D-4520-B95B-07E4CD31D807}
		{D45CA832-AE3C-4E8C-850E-678E0B0D9816} = {4F6223A4-3D0D-4520-B95B-07E4CD31D807}
		{51CD7EC4-02C9-4FBF-863D-A55910158671} = {4F6223A4-3D0D-4520-B95B-07E4CD31D807}
		{712A3C65-EF42-4BBA-8CD7-F995FA93942C} = {4F6223A4-3D0D-4520-B95B-07E4CD31D807}
		{8670D7E6-AEF4-44AF-85E2-66EF80542005} = {4F6223A4-3D0D-4520-B95B-07E4CD31D807}
		{5BCBB055-7896-470E-AF43-0F8E79A77515} = {4F6223A4-3D0D-4520-B95B-07E4CD31D807}
		{B2F6B8E2-CBD0-4905-B7AC-ABA21C1EA43F} = {4F6223A4-3D0D-4520-B95B-07E4CD31D807}
		{0ACCC876-3190-4446-9EC0-56B345336E27} = {4F6223A4-3D0D-4520-B95B-07E4CD31D807}
		{7031F021-BDB8-4747-A4AC-351965E095BE} = {4F6223A4-3D0D-4520-B95B-07E4CD31D807}
		{266F8EB0-08AC-4940-815B-8F20EBF923BB} = {9134485B-C5E2-4FA3-BC05-F6974614AE14}
		{EA9CF3D2-41AF-4A0B-8EC8-4A84B4F3889A} = {9134485B-C5E2-4FA3-BC05-F6974614AE14}
		{10CAFACA-A3EE-4F01-BB0F-DCACA11B03B4} = {9134485B-C5E2-4FA3-BC05-F6974614AE14}
		{D03A827E-58D8-40CA-83F2-F75BBFF7C48B} = {9134485B-C5E2-4FA3-BC05-F6974614AE14}
		{E0F2BEC5-0EF2-48D8-9D2D-BCD1B6FD38A3} = {9134485B-C5E2-4FA3-BC05-F6974614AE14}
	EndGlobalSection
EndGlobal
